// !$*UTF8*$!
{
	archiveVersion = 1;
	classes = {
	};
	objectVersion = 56;
	objects = {

/* Begin PBXBuildFile section */
		A754D1ED51CAF02E43E69B12 /* PayMeStubbedTests-PayMeStubbedMocks.generated.swift in Sources */ = {isa = PBXBuildFile; fileRef = BC62E83A2FA4E7E823C85FB9 /* PayMeStubbedTests-PayMeStubbedMocks.generated.swift */; };
		A9553A5A298C9F2000CE472A /* LoginViewTests.swift in Sources */ = {isa = PBXBuildFile; fileRef = A9553A59298C9F2000CE472A /* LoginViewTests.swift */; };
		A9677525298E511D0025D0C3 /* PayMeFramework.h in Headers */ = {isa = PBXBuildFile; fileRef = A9677524298E511D0025D0C3 /* PayMeFramework.h */; settings = {ATTRIBUTES = (Public, ); }; };
		A9677528298E511D0025D0C3 /* PayMeFramework.framework in Frameworks */ = {isa = PBXBuildFile; fileRef = A9677522298E511D0025D0C3 /* PayMeFramework.framework */; };
		A9677529298E511D0025D0C3 /* PayMeFramework.framework in Embed Frameworks */ = {isa = PBXBuildFile; fileRef = A9677522298E511D0025D0C3 /* PayMeFramework.framework */; settings = {ATTRIBUTES = (CodeSignOnCopy, RemoveHeadersOnCopy, ); }; };
		A967752F298E513E0025D0C3 /* File.swift in Sources */ = {isa = PBXBuildFile; fileRef = A967752E298E513E0025D0C3 /* File.swift */; };
		A9677538298E538C0025D0C3 /* AuthResponse.swift in Sources */ = {isa = PBXBuildFile; fileRef = A9677536298E538C0025D0C3 /* AuthResponse.swift */; };
		A9677539298E538C0025D0C3 /* WebAuthService.swift in Sources */ = {isa = PBXBuildFile; fileRef = A9677537298E538C0025D0C3 /* WebAuthService.swift */; };
		A967753B298E539F0025D0C3 /* AuthService.swift in Sources */ = {isa = PBXBuildFile; fileRef = A967753A298E539F0025D0C3 /* AuthService.swift */; };
		A967753D298E53AE0025D0C3 /* LoginViewModel.swift in Sources */ = {isa = PBXBuildFile; fileRef = A967753C298E53AE0025D0C3 /* LoginViewModel.swift */; };
		A9677540298E53BE0025D0C3 /* HomeView.swift in Sources */ = {isa = PBXBuildFile; fileRef = A967753E298E53BE0025D0C3 /* HomeView.swift */; };
		A9677541298E53BE0025D0C3 /* LoginView.swift in Sources */ = {isa = PBXBuildFile; fileRef = A967753F298E53BE0025D0C3 /* LoginView.swift */; };
		A9F9F29B2986192B00BE46C1 /* PayMeStubbedApp.swift in Sources */ = {isa = PBXBuildFile; fileRef = A9F9F29A2986192B00BE46C1 /* PayMeStubbedApp.swift */; };
		A9F9F29F2986192C00BE46C1 /* Assets.xcassets in Resources */ = {isa = PBXBuildFile; fileRef = A9F9F29E2986192C00BE46C1 /* Assets.xcassets */; };
		A9F9F2A22986192C00BE46C1 /* Preview Assets.xcassets in Resources */ = {isa = PBXBuildFile; fileRef = A9F9F2A12986192C00BE46C1 /* Preview Assets.xcassets */; };
		A9F9F2AC2986192C00BE46C1 /* LoginViewModelTests.swift in Sources */ = {isa = PBXBuildFile; fileRef = A9F9F2AB2986192C00BE46C1 /* LoginViewModelTests.swift */; };
		A9F9F2B62986192D00BE46C1 /* HomeViewTests.swift in Sources */ = {isa = PBXBuildFile; fileRef = A9F9F2B52986192D00BE46C1 /* HomeViewTests.swift */; };
		A9F9F2B82986192D00BE46C1 /* PayMeStubbedUITestsLaunchTests.swift in Sources */ = {isa = PBXBuildFile; fileRef = A9F9F2B72986192D00BE46C1 /* PayMeStubbedUITestsLaunchTests.swift */; };
		A9F9F2C429861CB600BE46C1 /* LoginViewPage.swift in Sources */ = {isa = PBXBuildFile; fileRef = A9F9F2C329861CB600BE46C1 /* LoginViewPage.swift */; };
		A9F9F2C62986203000BE46C1 /* HomePageView.swift in Sources */ = {isa = PBXBuildFile; fileRef = A9F9F2C52986203000BE46C1 /* HomePageView.swift */; };
		A9F9F2CC29862D9C00BE46C1 /* StubAuthService.swift in Sources */ = {isa = PBXBuildFile; fileRef = A9F9F2CB29862D9C00BE46C1 /* StubAuthService.swift */; };
		A9F9F2CF29880A9D00BE46C1 /* ContentView.swift in Sources */ = {isa = PBXBuildFile; fileRef = A9F9F2CD29880A6A00BE46C1 /* ContentView.swift */; };
		A9F9F2D6298C054700BE46C1 /* Mockingbird in Frameworks */ = {isa = PBXBuildFile; productRef = A9F9F2D5298C054700BE46C1 /* Mockingbird */; };
		AB237B24FC8EAC839FE22F92 /* PayMeStubbedTests-PayMeFrameworkMocks.generated.swift in Sources */ = {isa = PBXBuildFile; fileRef = AE34C9A723C4BCD7E7580850 /* PayMeStubbedTests-PayMeFrameworkMocks.generated.swift */; };
/* End PBXBuildFile section */

/* Begin PBXContainerItemProxy section */
		A9677526298E511D0025D0C3 /* PBXContainerItemProxy */ = {
			isa = PBXContainerItemProxy;
			containerPortal = A9F9F25E2986186200BE46C1 /* Project object */;
			proxyType = 1;
			remoteGlobalIDString = A9677521298E511D0025D0C3;
			remoteInfo = PayMeFramework;
		};
		A9F9F2A82986192C00BE46C1 /* PBXContainerItemProxy */ = {
			isa = PBXContainerItemProxy;
			containerPortal = A9F9F25E2986186200BE46C1 /* Project object */;
			proxyType = 1;
			remoteGlobalIDString = A9F9F2972986192B00BE46C1;
			remoteInfo = PayMeStubbed;
		};
		A9F9F2B22986192D00BE46C1 /* PBXContainerItemProxy */ = {
			isa = PBXContainerItemProxy;
			containerPortal = A9F9F25E2986186200BE46C1 /* Project object */;
			proxyType = 1;
			remoteGlobalIDString = A9F9F2972986192B00BE46C1;
			remoteInfo = PayMeStubbed;
		};
/* End PBXContainerItemProxy section */

/* Begin PBXCopyFilesBuildPhase section */
		A967752A298E511E0025D0C3 /* Embed Frameworks */ = {
			isa = PBXCopyFilesBuildPhase;
			buildActionMask = 2147483647;
			dstPath = "";
			dstSubfolderSpec = 10;
			files = (
				A9677529298E511D0025D0C3 /* PayMeFramework.framework in Embed Frameworks */,
			);
			name = "Embed Frameworks";
			runOnlyForDeploymentPostprocessing = 0;
		};
		A9F9F2DB298C893000BE46C1 /* CopyFiles */ = {
			isa = PBXCopyFilesBuildPhase;
			buildActionMask = 2147483647;
			dstPath = "include/$(PRODUCT_NAME)";
			dstSubfolderSpec = 16;
			files = (
			);
			runOnlyForDeploymentPostprocessing = 0;
		};
/* End PBXCopyFilesBuildPhase section */

/* Begin PBXFileReference section */
		A9553A59298C9F2000CE472A /* LoginViewTests.swift */ = {isa = PBXFileReference; lastKnownFileType = sourcecode.swift; path = LoginViewTests.swift; sourceTree = "<group>"; };
		A9677522298E511D0025D0C3 /* PayMeFramework.framework */ = {isa = PBXFileReference; explicitFileType = wrapper.framework; includeInIndex = 0; path = PayMeFramework.framework; sourceTree = BUILT_PRODUCTS_DIR; };
		A9677524298E511D0025D0C3 /* PayMeFramework.h */ = {isa = PBXFileReference; lastKnownFileType = sourcecode.c.h; path = PayMeFramework.h; sourceTree = "<group>"; };
		A967752E298E513E0025D0C3 /* File.swift */ = {isa = PBXFileReference; lastKnownFileType = sourcecode.swift; path = File.swift; sourceTree = "<group>"; };
		A9677536298E538C0025D0C3 /* AuthResponse.swift */ = {isa = PBXFileReference; fileEncoding = 4; lastKnownFileType = sourcecode.swift; path = AuthResponse.swift; sourceTree = "<group>"; };
		A9677537298E538C0025D0C3 /* WebAuthService.swift */ = {isa = PBXFileReference; fileEncoding = 4; lastKnownFileType = sourcecode.swift; path = WebAuthService.swift; sourceTree = "<group>"; };
		A967753A298E539F0025D0C3 /* AuthService.swift */ = {isa = PBXFileReference; fileEncoding = 4; lastKnownFileType = sourcecode.swift; path = AuthService.swift; sourceTree = "<group>"; };
		A967753C298E53AE0025D0C3 /* LoginViewModel.swift */ = {isa = PBXFileReference; fileEncoding = 4; lastKnownFileType = sourcecode.swift; path = LoginViewModel.swift; sourceTree = "<group>"; };
		A967753E298E53BE0025D0C3 /* HomeView.swift */ = {isa = PBXFileReference; fileEncoding = 4; lastKnownFileType = sourcecode.swift; path = HomeView.swift; sourceTree = "<group>"; };
		A967753F298E53BE0025D0C3 /* LoginView.swift */ = {isa = PBXFileReference; fileEncoding = 4; lastKnownFileType = sourcecode.swift; path = LoginView.swift; sourceTree = "<group>"; };
		A9F9F2982986192B00BE46C1 /* PayMeStubbed.app */ = {isa = PBXFileReference; explicitFileType = wrapper.application; includeInIndex = 0; path = PayMeStubbed.app; sourceTree = BUILT_PRODUCTS_DIR; };
		A9F9F29A2986192B00BE46C1 /* PayMeStubbedApp.swift */ = {isa = PBXFileReference; lastKnownFileType = sourcecode.swift; path = PayMeStubbedApp.swift; sourceTree = "<group>"; };
		A9F9F29E2986192C00BE46C1 /* Assets.xcassets */ = {isa = PBXFileReference; lastKnownFileType = folder.assetcatalog; path = Assets.xcassets; sourceTree = "<group>"; };
		A9F9F2A12986192C00BE46C1 /* Preview Assets.xcassets */ = {isa = PBXFileReference; lastKnownFileType = folder.assetcatalog; path = "Preview Assets.xcassets"; sourceTree = "<group>"; };
		A9F9F2A72986192C00BE46C1 /* PayMeStubbedTests.xctest */ = {isa = PBXFileReference; explicitFileType = wrapper.cfbundle; includeInIndex = 0; path = PayMeStubbedTests.xctest; sourceTree = BUILT_PRODUCTS_DIR; };
		A9F9F2AB2986192C00BE46C1 /* LoginViewModelTests.swift */ = {isa = PBXFileReference; lastKnownFileType = sourcecode.swift; path = LoginViewModelTests.swift; sourceTree = "<group>"; };
		A9F9F2B12986192D00BE46C1 /* PayMeStubbedUITests.xctest */ = {isa = PBXFileReference; explicitFileType = wrapper.cfbundle; includeInIndex = 0; path = PayMeStubbedUITests.xctest; sourceTree = BUILT_PRODUCTS_DIR; };
		A9F9F2B52986192D00BE46C1 /* HomeViewTests.swift */ = {isa = PBXFileReference; lastKnownFileType = sourcecode.swift; path = HomeViewTests.swift; sourceTree = "<group>"; };
		A9F9F2B72986192D00BE46C1 /* PayMeStubbedUITestsLaunchTests.swift */ = {isa = PBXFileReference; lastKnownFileType = sourcecode.swift; path = PayMeStubbedUITestsLaunchTests.swift; sourceTree = "<group>"; };
		A9F9F2C329861CB600BE46C1 /* LoginViewPage.swift */ = {isa = PBXFileReference; lastKnownFileType = sourcecode.swift; path = LoginViewPage.swift; sourceTree = "<group>"; };
		A9F9F2C52986203000BE46C1 /* HomePageView.swift */ = {isa = PBXFileReference; lastKnownFileType = sourcecode.swift; path = HomePageView.swift; sourceTree = "<group>"; };
		A9F9F2CB29862D9C00BE46C1 /* StubAuthService.swift */ = {isa = PBXFileReference; lastKnownFileType = sourcecode.swift; path = StubAuthService.swift; sourceTree = "<group>"; };
		A9F9F2CD29880A6A00BE46C1 /* ContentView.swift */ = {isa = PBXFileReference; lastKnownFileType = sourcecode.swift; path = ContentView.swift; sourceTree = "<group>"; };
		A9F9F2DD298C893000BE46C1 /* libPayMeLibrary.a */ = {isa = PBXFileReference; explicitFileType = archive.ar; includeInIndex = 0; path = libPayMeLibrary.a; sourceTree = BUILT_PRODUCTS_DIR; };
		AE34C9A723C4BCD7E7580850 /* PayMeStubbedTests-PayMeFrameworkMocks.generated.swift */ = {isa = PBXFileReference; explicitFileType = sourcecode.swift; name = "PayMeStubbedTests-PayMeFrameworkMocks.generated.swift"; path = "MockingbirdMocks/PayMeStubbedTests-PayMeFrameworkMocks.generated.swift"; sourceTree = "<group>"; };
		BC62E83A2FA4E7E823C85FB9 /* PayMeStubbedTests-PayMeStubbedMocks.generated.swift */ = {isa = PBXFileReference; explicitFileType = sourcecode.swift; name = "PayMeStubbedTests-PayMeStubbedMocks.generated.swift"; path = "MockingbirdMocks/PayMeStubbedTests-PayMeStubbedMocks.generated.swift"; sourceTree = "<group>"; };
/* End PBXFileReference section */

/* Begin PBXFrameworksBuildPhase section */
		A967751F298E511D0025D0C3 /* Frameworks */ = {
			isa = PBXFrameworksBuildPhase;
			buildActionMask = 2147483647;
			files = (
			);
			runOnlyForDeploymentPostprocessing = 0;
		};
		A9F9F2952986192B00BE46C1 /* Frameworks */ = {
			isa = PBXFrameworksBuildPhase;
			buildActionMask = 2147483647;
			files = (
				A9677528298E511D0025D0C3 /* PayMeFramework.framework in Frameworks */,
			);
			runOnlyForDeploymentPostprocessing = 0;
		};
		A9F9F2A42986192C00BE46C1 /* Frameworks */ = {
			isa = PBXFrameworksBuildPhase;
			buildActionMask = 2147483647;
			files = (
				A9F9F2D6298C054700BE46C1 /* Mockingbird in Frameworks */,
			);
			runOnlyForDeploymentPostprocessing = 0;
		};
		A9F9F2AE2986192C00BE46C1 /* Frameworks */ = {
			isa = PBXFrameworksBuildPhase;
			buildActionMask = 2147483647;
			files = (
			);
			runOnlyForDeploymentPostprocessing = 0;
		};
		A9F9F2DA298C893000BE46C1 /* Frameworks */ = {
			isa = PBXFrameworksBuildPhase;
			buildActionMask = 2147483647;
			files = (
			);
			runOnlyForDeploymentPostprocessing = 0;
		};
/* End PBXFrameworksBuildPhase section */

/* Begin PBXGroup section */
		207A61446339ADC9F991BAA6 /* Generated Mocks */ = {
			isa = PBXGroup;
			children = (
				BC62E83A2FA4E7E823C85FB9 /* PayMeStubbedTests-PayMeStubbedMocks.generated.swift */,
				AE34C9A723C4BCD7E7580850 /* PayMeStubbedTests-PayMeFrameworkMocks.generated.swift */,
			);
			name = "Generated Mocks";
			sourceTree = "<group>";
		};
		A9553A58298C9ECB00CE472A /* View Tests */ = {
			isa = PBXGroup;
			children = (
				A9553A59298C9F2000CE472A /* LoginViewTests.swift */,
				A9F9F2B52986192D00BE46C1 /* HomeViewTests.swift */,
			);
			path = "View Tests";
			sourceTree = "<group>";
		};
		A9553A5B298C9FE600CE472A /* ViewModelTests */ = {
			isa = PBXGroup;
			children = (
				A9F9F2AB2986192C00BE46C1 /* LoginViewModelTests.swift */,
			);
			path = ViewModelTests;
			sourceTree = "<group>";
		};
		A9677523298E511D0025D0C3 /* PayMeFramework */ = {
			isa = PBXGroup;
			children = (
				A9677535298E53710025D0C3 /* Views */,
				A9677534298E53670025D0C3 /* View Models */,
				A9677533298E535F0025D0C3 /* Services */,
				A9677532298E53550025D0C3 /* Models */,
				A9677524298E511D0025D0C3 /* PayMeFramework.h */,
				A967752E298E513E0025D0C3 /* File.swift */,
			);
			path = PayMeFramework;
			sourceTree = "<group>";
		};
		A9677532298E53550025D0C3 /* Models */ = {
			isa = PBXGroup;
			children = (
				A9677536298E538C0025D0C3 /* AuthResponse.swift */,
			);
			path = Models;
			sourceTree = "<group>";
		};
		A9677533298E535F0025D0C3 /* Services */ = {
			isa = PBXGroup;
			children = (
				A967753A298E539F0025D0C3 /* AuthService.swift */,
				A9677537298E538C0025D0C3 /* WebAuthService.swift */,
			);
			path = Services;
			sourceTree = "<group>";
		};
		A9677534298E53670025D0C3 /* View Models */ = {
			isa = PBXGroup;
			children = (
				A967753C298E53AE0025D0C3 /* LoginViewModel.swift */,
			);
			path = "View Models";
			sourceTree = "<group>";
		};
		A9677535298E53710025D0C3 /* Views */ = {
			isa = PBXGroup;
			children = (
				A967753E298E53BE0025D0C3 /* HomeView.swift */,
				A967753F298E53BE0025D0C3 /* LoginView.swift */,
			);
			path = Views;
			sourceTree = "<group>";
		};
		A9F9F25D2986186200BE46C1 = {
			isa = PBXGroup;
			children = (
				A9F9F2992986192B00BE46C1 /* PayMeStubbed */,
				A9F9F2AA2986192C00BE46C1 /* PayMeStubbedTests */,
				A9F9F2B42986192D00BE46C1 /* PayMeStubbedUITests */,
				A9677523298E511D0025D0C3 /* PayMeFramework */,
				A9F9F2672986186200BE46C1 /* Products */,
				A9F9F2C72986259E00BE46C1 /* Frameworks */,
				207A61446339ADC9F991BAA6 /* Generated Mocks */,
			);
			sourceTree = "<group>";
		};
		A9F9F2672986186200BE46C1 /* Products */ = {
			isa = PBXGroup;
			children = (
				A9F9F2982986192B00BE46C1 /* PayMeStubbed.app */,
				A9F9F2A72986192C00BE46C1 /* PayMeStubbedTests.xctest */,
				A9F9F2B12986192D00BE46C1 /* PayMeStubbedUITests.xctest */,
				A9F9F2DD298C893000BE46C1 /* libPayMeLibrary.a */,
				A9677522298E511D0025D0C3 /* PayMeFramework.framework */,
			);
			name = Products;
			sourceTree = "<group>";
		};
		A9F9F2992986192B00BE46C1 /* PayMeStubbed */ = {
			isa = PBXGroup;
			children = (
				A9F9F2CD29880A6A00BE46C1 /* ContentView.swift */,
				A9F9F2CA29862D8400BE46C1 /* Stubs */,
				A9F9F29A2986192B00BE46C1 /* PayMeStubbedApp.swift */,
				A9F9F29E2986192C00BE46C1 /* Assets.xcassets */,
				A9F9F2A02986192C00BE46C1 /* Preview Content */,
			);
			path = PayMeStubbed;
			sourceTree = "<group>";
		};
		A9F9F2A02986192C00BE46C1 /* Preview Content */ = {
			isa = PBXGroup;
			children = (
				A9F9F2A12986192C00BE46C1 /* Preview Assets.xcassets */,
			);
			path = "Preview Content";
			sourceTree = "<group>";
		};
		A9F9F2AA2986192C00BE46C1 /* PayMeStubbedTests */ = {
			isa = PBXGroup;
			children = (
				A9553A5B298C9FE600CE472A /* ViewModelTests */,
			);
			path = PayMeStubbedTests;
			sourceTree = "<group>";
		};
		A9F9F2B42986192D00BE46C1 /* PayMeStubbedUITests */ = {
			isa = PBXGroup;
			children = (
				A9553A58298C9ECB00CE472A /* View Tests */,
				A9F9F2C229861C8400BE46C1 /* Page Objects */,
				A9F9F2B72986192D00BE46C1 /* PayMeStubbedUITestsLaunchTests.swift */,
			);
			path = PayMeStubbedUITests;
			sourceTree = "<group>";
		};
		A9F9F2C229861C8400BE46C1 /* Page Objects */ = {
			isa = PBXGroup;
			children = (
				A9F9F2C329861CB600BE46C1 /* LoginViewPage.swift */,
				A9F9F2C52986203000BE46C1 /* HomePageView.swift */,
			);
			path = "Page Objects";
			sourceTree = "<group>";
		};
		A9F9F2C72986259E00BE46C1 /* Frameworks */ = {
			isa = PBXGroup;
			children = (
			);
			name = Frameworks;
			sourceTree = "<group>";
		};
		A9F9F2CA29862D8400BE46C1 /* Stubs */ = {
			isa = PBXGroup;
			children = (
				A9F9F2CB29862D9C00BE46C1 /* StubAuthService.swift */,
			);
			path = Stubs;
			sourceTree = "<group>";
		};
/* End PBXGroup section */

/* Begin PBXHeadersBuildPhase section */
		A967751D298E511D0025D0C3 /* Headers */ = {
			isa = PBXHeadersBuildPhase;
			buildActionMask = 2147483647;
			files = (
				A9677525298E511D0025D0C3 /* PayMeFramework.h in Headers */,
			);
			runOnlyForDeploymentPostprocessing = 0;
		};
/* End PBXHeadersBuildPhase section */

/* Begin PBXNativeTarget section */
		A9677521298E511D0025D0C3 /* PayMeFramework */ = {
			isa = PBXNativeTarget;
			buildConfigurationList = A967752D298E511E0025D0C3 /* Build configuration list for PBXNativeTarget "PayMeFramework" */;
			buildPhases = (
				A967751D298E511D0025D0C3 /* Headers */,
				A967751E298E511D0025D0C3 /* Sources */,
				A967751F298E511D0025D0C3 /* Frameworks */,
				A9677520298E511D0025D0C3 /* Resources */,
			);
			buildRules = (
			);
			dependencies = (
			);
			name = PayMeFramework;
			productName = PayMeFramework;
			productReference = A9677522298E511D0025D0C3 /* PayMeFramework.framework */;
			productType = "com.apple.product-type.framework";
		};
		A9F9F2972986192B00BE46C1 /* PayMeStubbed */ = {
			isa = PBXNativeTarget;
			buildConfigurationList = A9F9F2B92986192D00BE46C1 /* Build configuration list for PBXNativeTarget "PayMeStubbed" */;
			buildPhases = (
				A9F9F2942986192B00BE46C1 /* Sources */,
				A9F9F2952986192B00BE46C1 /* Frameworks */,
				A9F9F2962986192B00BE46C1 /* Resources */,
				A967752A298E511E0025D0C3 /* Embed Frameworks */,
			);
			buildRules = (
			);
			dependencies = (
				A9677527298E511D0025D0C3 /* PBXTargetDependency */,
			);
			name = PayMeStubbed;
			productName = PayMeStubbed;
			productReference = A9F9F2982986192B00BE46C1 /* PayMeStubbed.app */;
			productType = "com.apple.product-type.application";
		};
		A9F9F2A62986192C00BE46C1 /* PayMeStubbedTests */ = {
			isa = PBXNativeTarget;
			buildConfigurationList = A9F9F2BC2986192D00BE46C1 /* Build configuration list for PBXNativeTarget "PayMeStubbedTests" */;
			buildPhases = (
				A91A01CE5494673021D0C017 /* Generate Mockingbird Mocks */,
				A9F9F2A32986192C00BE46C1 /* Sources */,
				A9F9F2A42986192C00BE46C1 /* Frameworks */,
				A9F9F2A52986192C00BE46C1 /* Resources */,
			);
			buildRules = (
			);
			dependencies = (
				A9F9F2D8298C080400BE46C1 /* PBXTargetDependency */,
				A9F9F2A92986192C00BE46C1 /* PBXTargetDependency */,
			);
			name = PayMeStubbedTests;
			packageProductDependencies = (
				A9F9F2D5298C054700BE46C1 /* Mockingbird */,
			);
			productName = PayMeStubbedTests;
			productReference = A9F9F2A72986192C00BE46C1 /* PayMeStubbedTests.xctest */;
			productType = "com.apple.product-type.bundle.unit-test";
		};
		A9F9F2B02986192C00BE46C1 /* PayMeStubbedUITests */ = {
			isa = PBXNativeTarget;
			buildConfigurationList = A9F9F2BF2986192D00BE46C1 /* Build configuration list for PBXNativeTarget "PayMeStubbedUITests" */;
			buildPhases = (
				A9F9F2AD2986192C00BE46C1 /* Sources */,
				A9F9F2AE2986192C00BE46C1 /* Frameworks */,
				A9F9F2AF2986192C00BE46C1 /* Resources */,
			);
			buildRules = (
			);
			dependencies = (
				A9F9F2B32986192D00BE46C1 /* PBXTargetDependency */,
			);
			name = PayMeStubbedUITests;
			productName = PayMeStubbedUITests;
			productReference = A9F9F2B12986192D00BE46C1 /* PayMeStubbedUITests.xctest */;
			productType = "com.apple.product-type.bundle.ui-testing";
		};
		A9F9F2DC298C893000BE46C1 /* PayMeLibrary */ = {
			isa = PBXNativeTarget;
			buildConfigurationList = A9F9F2E1298C893100BE46C1 /* Build configuration list for PBXNativeTarget "PayMeLibrary" */;
			buildPhases = (
				A9F9F2D9298C893000BE46C1 /* Sources */,
				A9F9F2DA298C893000BE46C1 /* Frameworks */,
				A9F9F2DB298C893000BE46C1 /* CopyFiles */,
			);
			buildRules = (
			);
			dependencies = (
			);
			name = PayMeLibrary;
			productName = PayMeLibrary;
			productReference = A9F9F2DD298C893000BE46C1 /* libPayMeLibrary.a */;
			productType = "com.apple.product-type.library.static";
		};
/* End PBXNativeTarget section */

/* Begin PBXProject section */
		A9F9F25E2986186200BE46C1 /* Project object */ = {
			isa = PBXProject;
			attributes = {
				BuildIndependentTargetsInParallel = 1;
				LastSwiftUpdateCheck = 1420;
				LastUpgradeCheck = 1420;
				TargetAttributes = {
					A9677521298E511D0025D0C3 = {
						CreatedOnToolsVersion = 14.2;
						LastSwiftMigration = 1420;
					};
					A9F9F2972986192B00BE46C1 = {
						CreatedOnToolsVersion = 14.2;
					};
					A9F9F2A62986192C00BE46C1 = {
						CreatedOnToolsVersion = 14.2;
						TestTargetID = A9F9F2972986192B00BE46C1;
					};
					A9F9F2B02986192C00BE46C1 = {
						CreatedOnToolsVersion = 14.2;
						TestTargetID = A9F9F2972986192B00BE46C1;
					};
					A9F9F2DC298C893000BE46C1 = {
						CreatedOnToolsVersion = 14.2;
					};
				};
			};
			buildConfigurationList = A9F9F2612986186200BE46C1 /* Build configuration list for PBXProject "PayMe" */;
			compatibilityVersion = "Xcode 14.0";
			developmentRegion = en;
			hasScannedForEncodings = 0;
			knownRegions = (
				en,
				Base,
			);
			mainGroup = A9F9F25D2986186200BE46C1;
			packageReferences = (
				A9F9F2D2298BFEF900BE46C1 /* XCRemoteSwiftPackageReference "mockingbird" */,
			);
			productRefGroup = A9F9F2672986186200BE46C1 /* Products */;
			projectDirPath = "";
			projectRoot = "";
			targets = (
				A9F9F2972986192B00BE46C1 /* PayMeStubbed */,
				A9F9F2A62986192C00BE46C1 /* PayMeStubbedTests */,
				A9F9F2B02986192C00BE46C1 /* PayMeStubbedUITests */,
				A9F9F2DC298C893000BE46C1 /* PayMeLibrary */,
				A9677521298E511D0025D0C3 /* PayMeFramework */,
			);
		};
/* End PBXProject section */

/* Begin PBXResourcesBuildPhase section */
		A9677520298E511D0025D0C3 /* Resources */ = {
			isa = PBXResourcesBuildPhase;
			buildActionMask = 2147483647;
			files = (
			);
			runOnlyForDeploymentPostprocessing = 0;
		};
		A9F9F2962986192B00BE46C1 /* Resources */ = {
			isa = PBXResourcesBuildPhase;
			buildActionMask = 2147483647;
			files = (
				A9F9F2A22986192C00BE46C1 /* Preview Assets.xcassets in Resources */,
				A9F9F29F2986192C00BE46C1 /* Assets.xcassets in Resources */,
			);
			runOnlyForDeploymentPostprocessing = 0;
		};
		A9F9F2A52986192C00BE46C1 /* Resources */ = {
			isa = PBXResourcesBuildPhase;
			buildActionMask = 2147483647;
			files = (
			);
			runOnlyForDeploymentPostprocessing = 0;
		};
		A9F9F2AF2986192C00BE46C1 /* Resources */ = {
			isa = PBXResourcesBuildPhase;
			buildActionMask = 2147483647;
			files = (
			);
			runOnlyForDeploymentPostprocessing = 0;
		};
/* End PBXResourcesBuildPhase section */

/* Begin PBXShellScriptBuildPhase section */
		A91A01CE5494673021D0C017 /* Generate Mockingbird Mocks */ = {
			isa = PBXShellScriptBuildPhase;
			alwaysOutOfDate = 1;
			buildActionMask = 2147483647;
			files = (
			);
			inputPaths = (
			);
			name = "Generate Mockingbird Mocks";
			outputPaths = (
				"$(SRCROOT)/MockingbirdMocks/PayMeStubbedTests-PayMeStubbedMocks.generated.swift",
				"$(SRCROOT)/MockingbirdMocks/PayMeStubbedTests-PayMeFrameworkMocks.generated.swift",
			);
			runOnlyForDeploymentPostprocessing = 0;
			shellPath = /bin/sh;
			shellScript = "set -eu\n\n# Prevent Xcode 13 from running this script while indexing.\n[[ \"${ACTION}\" == \"indexbuild\" ]] && exit 0\n\n# Infer the derived data location from the build environment.\n[[ -z \"${DERIVED_DATA+x}\" ]] && DERIVED_DATA=\"$(echo \"${BUILD_ROOT}\" | sed -n 's|\\(.*\\)/Build/.*|\\1|p')\"\n\n\"${DERIVED_DATA}/SourcePackages/checkouts/mockingbird/mockingbird\" generate --targets \"PayMeStubbed\" \"PayMeFramework\" --outputs \"${SRCROOT}/MockingbirdMocks/PayMeStubbedTests-PayMeStubbedMocks.generated.swift\" \"${SRCROOT}/MockingbirdMocks/PayMeStubbedTests-PayMeFrameworkMocks.generated.swift\"";
		};
/* End PBXShellScriptBuildPhase section */

/* Begin PBXSourcesBuildPhase section */
		A967751E298E511D0025D0C3 /* Sources */ = {
			isa = PBXSourcesBuildPhase;
			buildActionMask = 2147483647;
			files = (
				A9677539298E538C0025D0C3 /* WebAuthService.swift in Sources */,
				A9677541298E53BE0025D0C3 /* LoginView.swift in Sources */,
				A9677538298E538C0025D0C3 /* AuthResponse.swift in Sources */,
				A967752F298E513E0025D0C3 /* File.swift in Sources */,
				A9677540298E53BE0025D0C3 /* HomeView.swift in Sources */,
				A967753D298E53AE0025D0C3 /* LoginViewModel.swift in Sources */,
				A967753B298E539F0025D0C3 /* AuthService.swift in Sources */,
			);
			runOnlyForDeploymentPostprocessing = 0;
		};
		A9F9F2942986192B00BE46C1 /* Sources */ = {
			isa = PBXSourcesBuildPhase;
			buildActionMask = 2147483647;
			files = (
				A9F9F29B2986192B00BE46C1 /* PayMeStubbedApp.swift in Sources */,
				A9F9F2CC29862D9C00BE46C1 /* StubAuthService.swift in Sources */,
				A9F9F2CF29880A9D00BE46C1 /* ContentView.swift in Sources */,
			);
			runOnlyForDeploymentPostprocessing = 0;
		};
		A9F9F2A32986192C00BE46C1 /* Sources */ = {
			isa = PBXSourcesBuildPhase;
			buildActionMask = 2147483647;
			files = (
				A9F9F2AC2986192C00BE46C1 /* LoginViewModelTests.swift in Sources */,
				A754D1ED51CAF02E43E69B12 /* PayMeStubbedTests-PayMeStubbedMocks.generated.swift in Sources */,
				AB237B24FC8EAC839FE22F92 /* PayMeStubbedTests-PayMeFrameworkMocks.generated.swift in Sources */,
			);
			runOnlyForDeploymentPostprocessing = 0;
		};
		A9F9F2AD2986192C00BE46C1 /* Sources */ = {
			isa = PBXSourcesBuildPhase;
			buildActionMask = 2147483647;
			files = (
				A9553A5A298C9F2000CE472A /* LoginViewTests.swift in Sources */,
				A9F9F2B62986192D00BE46C1 /* HomeViewTests.swift in Sources */,
				A9F9F2B82986192D00BE46C1 /* PayMeStubbedUITestsLaunchTests.swift in Sources */,
				A9F9F2C62986203000BE46C1 /* HomePageView.swift in Sources */,
				A9F9F2C429861CB600BE46C1 /* LoginViewPage.swift in Sources */,
			);
			runOnlyForDeploymentPostprocessing = 0;
		};
		A9F9F2D9298C893000BE46C1 /* Sources */ = {
			isa = PBXSourcesBuildPhase;
			buildActionMask = 2147483647;
			files = (
			);
			runOnlyForDeploymentPostprocessing = 0;
		};
/* End PBXSourcesBuildPhase section */

/* Begin PBXTargetDependency section */
		A9677527298E511D0025D0C3 /* PBXTargetDependency */ = {
			isa = PBXTargetDependency;
			target = A9677521298E511D0025D0C3 /* PayMeFramework */;
			targetProxy = A9677526298E511D0025D0C3 /* PBXContainerItemProxy */;
		};
		A9F9F2A92986192C00BE46C1 /* PBXTargetDependency */ = {
			isa = PBXTargetDependency;
			target = A9F9F2972986192B00BE46C1 /* PayMeStubbed */;
			targetProxy = A9F9F2A82986192C00BE46C1 /* PBXContainerItemProxy */;
		};
		A9F9F2B32986192D00BE46C1 /* PBXTargetDependency */ = {
			isa = PBXTargetDependency;
			target = A9F9F2972986192B00BE46C1 /* PayMeStubbed */;
			targetProxy = A9F9F2B22986192D00BE46C1 /* PBXContainerItemProxy */;
		};
		A9F9F2D8298C080400BE46C1 /* PBXTargetDependency */ = {
			isa = PBXTargetDependency;
			productRef = A9F9F2D7298C080400BE46C1 /* PayMePackage */;
		};
/* End PBXTargetDependency section */

/* Begin XCBuildConfiguration section */
		A967752B298E511E0025D0C3 /* Debug */ = {
			isa = XCBuildConfiguration;
			buildSettings = {
				CLANG_ENABLE_MODULES = YES;
				CODE_SIGN_STYLE = Automatic;
				CURRENT_PROJECT_VERSION = 1;
				DEFINES_MODULE = YES;
				DEVELOPMENT_TEAM = JJX3XFYDLA;
				DYLIB_COMPATIBILITY_VERSION = 1;
				DYLIB_CURRENT_VERSION = 1;
				DYLIB_INSTALL_NAME_BASE = "@rpath";
				GENERATE_INFOPLIST_FILE = YES;
				INFOPLIST_KEY_NSHumanReadableCopyright = "";
				INSTALL_PATH = "$(LOCAL_LIBRARY_DIR)/Frameworks";
				IPHONEOS_DEPLOYMENT_TARGET = 16.0;
				LD_RUNPATH_SEARCH_PATHS = (
					"$(inherited)",
					"@executable_path/Frameworks",
					"@loader_path/Frameworks",
				);
				MARKETING_VERSION = 1.0;
				PRODUCT_BUNDLE_IDENTIFIER = org.dubshepherd.PayMeFramework;
				PRODUCT_NAME = "$(TARGET_NAME:c99extidentifier)";
				SKIP_INSTALL = YES;
				SWIFT_EMIT_LOC_STRINGS = YES;
				SWIFT_OPTIMIZATION_LEVEL = "-Onone";
				SWIFT_VERSION = 5.0;
				TARGETED_DEVICE_FAMILY = "1,2";
				VERSIONING_SYSTEM = "apple-generic";
				VERSION_INFO_PREFIX = "";
			};
			name = Debug;
		};
		A967752C298E511E0025D0C3 /* Release */ = {
			isa = XCBuildConfiguration;
			buildSettings = {
				CLANG_ENABLE_MODULES = YES;
				CODE_SIGN_STYLE = Automatic;
				CURRENT_PROJECT_VERSION = 1;
				DEFINES_MODULE = YES;
				DEVELOPMENT_TEAM = JJX3XFYDLA;
				DYLIB_COMPATIBILITY_VERSION = 1;
				DYLIB_CURRENT_VERSION = 1;
				DYLIB_INSTALL_NAME_BASE = "@rpath";
				GENERATE_INFOPLIST_FILE = YES;
				INFOPLIST_KEY_NSHumanReadableCopyright = "";
				INSTALL_PATH = "$(LOCAL_LIBRARY_DIR)/Frameworks";
				IPHONEOS_DEPLOYMENT_TARGET = 16.0;
				LD_RUNPATH_SEARCH_PATHS = (
					"$(inherited)",
					"@executable_path/Frameworks",
					"@loader_path/Frameworks",
				);
				MARKETING_VERSION = 1.0;
				PRODUCT_BUNDLE_IDENTIFIER = org.dubshepherd.PayMeFramework;
				PRODUCT_NAME = "$(TARGET_NAME:c99extidentifier)";
				SKIP_INSTALL = YES;
				SWIFT_EMIT_LOC_STRINGS = YES;
				SWIFT_VERSION = 5.0;
				TARGETED_DEVICE_FAMILY = "1,2";
				VERSIONING_SYSTEM = "apple-generic";
				VERSION_INFO_PREFIX = "";
			};
			name = Release;
		};
		A9F9F2882986186600BE46C1 /* Debug */ = {
			isa = XCBuildConfiguration;
			buildSettings = {
				ALWAYS_SEARCH_USER_PATHS = NO;
				CLANG_ANALYZER_NONNULL = YES;
				CLANG_ANALYZER_NUMBER_OBJECT_CONVERSION = YES_AGGRESSIVE;
				CLANG_CXX_LANGUAGE_STANDARD = "gnu++20";
				CLANG_ENABLE_MODULES = YES;
				CLANG_ENABLE_OBJC_ARC = YES;
				CLANG_ENABLE_OBJC_WEAK = YES;
				CLANG_WARN_BLOCK_CAPTURE_AUTORELEASING = YES;
				CLANG_WARN_BOOL_CONVERSION = YES;
				CLANG_WARN_COMMA = YES;
				CLANG_WARN_CONSTANT_CONVERSION = YES;
				CLANG_WARN_DEPRECATED_OBJC_IMPLEMENTATIONS = YES;
				CLANG_WARN_DIRECT_OBJC_ISA_USAGE = YES_ERROR;
				CLANG_WARN_DOCUMENTATION_COMMENTS = YES;
				CLANG_WARN_EMPTY_BODY = YES;
				CLANG_WARN_ENUM_CONVERSION = YES;
				CLANG_WARN_INFINITE_RECURSION = YES;
				CLANG_WARN_INT_CONVERSION = YES;
				CLANG_WARN_NON_LITERAL_NULL_CONVERSION = YES;
				CLANG_WARN_OBJC_IMPLICIT_RETAIN_SELF = YES;
				CLANG_WARN_OBJC_LITERAL_CONVERSION = YES;
				CLANG_WARN_OBJC_ROOT_CLASS = YES_ERROR;
				CLANG_WARN_QUOTED_INCLUDE_IN_FRAMEWORK_HEADER = YES;
				CLANG_WARN_RANGE_LOOP_ANALYSIS = YES;
				CLANG_WARN_STRICT_PROTOTYPES = YES;
				CLANG_WARN_SUSPICIOUS_MOVE = YES;
				CLANG_WARN_UNGUARDED_AVAILABILITY = YES_AGGRESSIVE;
				CLANG_WARN_UNREACHABLE_CODE = YES;
				CLANG_WARN__DUPLICATE_METHOD_MATCH = YES;
				COPY_PHASE_STRIP = NO;
				DEBUG_INFORMATION_FORMAT = dwarf;
				ENABLE_STRICT_OBJC_MSGSEND = YES;
				ENABLE_TESTABILITY = YES;
				GCC_C_LANGUAGE_STANDARD = gnu11;
				GCC_DYNAMIC_NO_PIC = NO;
				GCC_NO_COMMON_BLOCKS = YES;
				GCC_OPTIMIZATION_LEVEL = 0;
				GCC_PREPROCESSOR_DEFINITIONS = (
					"DEBUG=1",
					"$(inherited)",
				);
				GCC_WARN_64_TO_32_BIT_CONVERSION = YES;
				GCC_WARN_ABOUT_RETURN_TYPE = YES_ERROR;
				GCC_WARN_UNDECLARED_SELECTOR = YES;
				GCC_WARN_UNINITIALIZED_AUTOS = YES_AGGRESSIVE;
				GCC_WARN_UNUSED_FUNCTION = YES;
				GCC_WARN_UNUSED_VARIABLE = YES;
				IPHONEOS_DEPLOYMENT_TARGET = 16.0;
				MTL_ENABLE_DEBUG_INFO = INCLUDE_SOURCE;
				MTL_FAST_MATH = YES;
				ONLY_ACTIVE_ARCH = YES;
				SDKROOT = iphoneos;
				SWIFT_ACTIVE_COMPILATION_CONDITIONS = DEBUG;
				SWIFT_OPTIMIZATION_LEVEL = "-Onone";
			};
			name = Debug;
		};
		A9F9F2892986186600BE46C1 /* Release */ = {
			isa = XCBuildConfiguration;
			buildSettings = {
				ALWAYS_SEARCH_USER_PATHS = NO;
				CLANG_ANALYZER_NONNULL = YES;
				CLANG_ANALYZER_NUMBER_OBJECT_CONVERSION = YES_AGGRESSIVE;
				CLANG_CXX_LANGUAGE_STANDARD = "gnu++20";
				CLANG_ENABLE_MODULES = YES;
				CLANG_ENABLE_OBJC_ARC = YES;
				CLANG_ENABLE_OBJC_WEAK = YES;
				CLANG_WARN_BLOCK_CAPTURE_AUTORELEASING = YES;
				CLANG_WARN_BOOL_CONVERSION = YES;
				CLANG_WARN_COMMA = YES;
				CLANG_WARN_CONSTANT_CONVERSION = YES;
				CLANG_WARN_DEPRECATED_OBJC_IMPLEMENTATIONS = YES;
				CLANG_WARN_DIRECT_OBJC_ISA_USAGE = YES_ERROR;
				CLANG_WARN_DOCUMENTATION_COMMENTS = YES;
				CLANG_WARN_EMPTY_BODY = YES;
				CLANG_WARN_ENUM_CONVERSION = YES;
				CLANG_WARN_INFINITE_RECURSION = YES;
				CLANG_WARN_INT_CONVERSION = YES;
				CLANG_WARN_NON_LITERAL_NULL_CONVERSION = YES;
				CLANG_WARN_OBJC_IMPLICIT_RETAIN_SELF = YES;
				CLANG_WARN_OBJC_LITERAL_CONVERSION = YES;
				CLANG_WARN_OBJC_ROOT_CLASS = YES_ERROR;
				CLANG_WARN_QUOTED_INCLUDE_IN_FRAMEWORK_HEADER = YES;
				CLANG_WARN_RANGE_LOOP_ANALYSIS = YES;
				CLANG_WARN_STRICT_PROTOTYPES = YES;
				CLANG_WARN_SUSPICIOUS_MOVE = YES;
				CLANG_WARN_UNGUARDED_AVAILABILITY = YES_AGGRESSIVE;
				CLANG_WARN_UNREACHABLE_CODE = YES;
				CLANG_WARN__DUPLICATE_METHOD_MATCH = YES;
				COPY_PHASE_STRIP = NO;
				DEBUG_INFORMATION_FORMAT = "dwarf-with-dsym";
				ENABLE_NS_ASSERTIONS = NO;
				ENABLE_STRICT_OBJC_MSGSEND = YES;
				GCC_C_LANGUAGE_STANDARD = gnu11;
				GCC_NO_COMMON_BLOCKS = YES;
				GCC_WARN_64_TO_32_BIT_CONVERSION = YES;
				GCC_WARN_ABOUT_RETURN_TYPE = YES_ERROR;
				GCC_WARN_UNDECLARED_SELECTOR = YES;
				GCC_WARN_UNINITIALIZED_AUTOS = YES_AGGRESSIVE;
				GCC_WARN_UNUSED_FUNCTION = YES;
				GCC_WARN_UNUSED_VARIABLE = YES;
				IPHONEOS_DEPLOYMENT_TARGET = 16.0;
				MTL_ENABLE_DEBUG_INFO = NO;
				MTL_FAST_MATH = YES;
				SDKROOT = iphoneos;
				SWIFT_COMPILATION_MODE = wholemodule;
				SWIFT_OPTIMIZATION_LEVEL = "-O";
				VALIDATE_PRODUCT = YES;
			};
			name = Release;
		};
		A9F9F2BA2986192D00BE46C1 /* Debug */ = {
			isa = XCBuildConfiguration;
			buildSettings = {
				ALWAYS_EMBED_SWIFT_STANDARD_LIBRARIES = YES;
				ASSETCATALOG_COMPILER_APPICON_NAME = AppIcon;
				ASSETCATALOG_COMPILER_GLOBAL_ACCENT_COLOR_NAME = AccentColor;
				CODE_SIGN_STYLE = Automatic;
				CURRENT_PROJECT_VERSION = 1;
				DEVELOPMENT_ASSET_PATHS = "\"PayMeStubbed/Preview Content\"";
				DEVELOPMENT_TEAM = JJX3XFYDLA;
				ENABLE_PREVIEWS = YES;
				GENERATE_INFOPLIST_FILE = YES;
				INFOPLIST_KEY_UIApplicationSceneManifest_Generation = YES;
				INFOPLIST_KEY_UIApplicationSupportsIndirectInputEvents = YES;
				INFOPLIST_KEY_UILaunchScreen_Generation = YES;
				INFOPLIST_KEY_UISupportedInterfaceOrientations_iPad = "UIInterfaceOrientationPortrait UIInterfaceOrientationPortraitUpsideDown UIInterfaceOrientationLandscapeLeft UIInterfaceOrientationLandscapeRight";
				INFOPLIST_KEY_UISupportedInterfaceOrientations_iPhone = "UIInterfaceOrientationPortrait UIInterfaceOrientationLandscapeLeft UIInterfaceOrientationLandscapeRight";
				LD_RUNPATH_SEARCH_PATHS = (
					"$(inherited)",
					"@executable_path/Frameworks",
				);
				MARKETING_VERSION = 1.0;
				PRODUCT_BUNDLE_IDENTIFIER = org.dubshepherd.PayMeStubbed;
				PRODUCT_NAME = "$(TARGET_NAME)";
				SWIFT_EMIT_LOC_STRINGS = YES;
				SWIFT_VERSION = 5.0;
				TARGETED_DEVICE_FAMILY = "1,2";
			};
			name = Debug;
		};
		A9F9F2BB2986192D00BE46C1 /* Release */ = {
			isa = XCBuildConfiguration;
			buildSettings = {
				ALWAYS_EMBED_SWIFT_STANDARD_LIBRARIES = YES;
				ASSETCATALOG_COMPILER_APPICON_NAME = AppIcon;
				ASSETCATALOG_COMPILER_GLOBAL_ACCENT_COLOR_NAME = AccentColor;
				CODE_SIGN_STYLE = Automatic;
				CURRENT_PROJECT_VERSION = 1;
				DEVELOPMENT_ASSET_PATHS = "\"PayMeStubbed/Preview Content\"";
				DEVELOPMENT_TEAM = JJX3XFYDLA;
				ENABLE_PREVIEWS = YES;
				GENERATE_INFOPLIST_FILE = YES;
				INFOPLIST_KEY_UIApplicationSceneManifest_Generation = YES;
				INFOPLIST_KEY_UIApplicationSupportsIndirectInputEvents = YES;
				INFOPLIST_KEY_UILaunchScreen_Generation = YES;
				INFOPLIST_KEY_UISupportedInterfaceOrientations_iPad = "UIInterfaceOrientationPortrait UIInterfaceOrientationPortraitUpsideDown UIInterfaceOrientationLandscapeLeft UIInterfaceOrientationLandscapeRight";
				INFOPLIST_KEY_UISupportedInterfaceOrientations_iPhone = "UIInterfaceOrientationPortrait UIInterfaceOrientationLandscapeLeft UIInterfaceOrientationLandscapeRight";
				LD_RUNPATH_SEARCH_PATHS = (
					"$(inherited)",
					"@executable_path/Frameworks",
				);
				MARKETING_VERSION = 1.0;
				PRODUCT_BUNDLE_IDENTIFIER = org.dubshepherd.PayMeStubbed;
				PRODUCT_NAME = "$(TARGET_NAME)";
				SWIFT_EMIT_LOC_STRINGS = YES;
				SWIFT_VERSION = 5.0;
				TARGETED_DEVICE_FAMILY = "1,2";
			};
			name = Release;
		};
		A9F9F2BD2986192D00BE46C1 /* Debug */ = {
			isa = XCBuildConfiguration;
			buildSettings = {
				ALWAYS_EMBED_SWIFT_STANDARD_LIBRARIES = YES;
				BUNDLE_LOADER = "$(TEST_HOST)";
				CODE_SIGN_STYLE = Automatic;
				CURRENT_PROJECT_VERSION = 1;
				DEVELOPMENT_TEAM = JJX3XFYDLA;
				GENERATE_INFOPLIST_FILE = YES;
				IPHONEOS_DEPLOYMENT_TARGET = 16.0;
				MARKETING_VERSION = 1.0;
				PRODUCT_BUNDLE_IDENTIFIER = org.dubshepherd.PayMeStubbedTests;
				PRODUCT_NAME = "$(TARGET_NAME)";
				SWIFT_EMIT_LOC_STRINGS = NO;
				SWIFT_VERSION = 5.0;
				TARGETED_DEVICE_FAMILY = "1,2";
				TEST_HOST = "$(BUILT_PRODUCTS_DIR)/PayMeStubbed.app/$(BUNDLE_EXECUTABLE_FOLDER_PATH)/PayMeStubbed";
			};
			name = Debug;
		};
		A9F9F2BE2986192D00BE46C1 /* Release */ = {
			isa = XCBuildConfiguration;
			buildSettings = {
				ALWAYS_EMBED_SWIFT_STANDARD_LIBRARIES = YES;
				BUNDLE_LOADER = "$(TEST_HOST)";
				CODE_SIGN_STYLE = Automatic;
				CURRENT_PROJECT_VERSION = 1;
				DEVELOPMENT_TEAM = JJX3XFYDLA;
				GENERATE_INFOPLIST_FILE = YES;
				IPHONEOS_DEPLOYMENT_TARGET = 16.0;
				MARKETING_VERSION = 1.0;
				PRODUCT_BUNDLE_IDENTIFIER = org.dubshepherd.PayMeStubbedTests;
				PRODUCT_NAME = "$(TARGET_NAME)";
				SWIFT_EMIT_LOC_STRINGS = NO;
				SWIFT_VERSION = 5.0;
				TARGETED_DEVICE_FAMILY = "1,2";
				TEST_HOST = "$(BUILT_PRODUCTS_DIR)/PayMeStubbed.app/$(BUNDLE_EXECUTABLE_FOLDER_PATH)/PayMeStubbed";
			};
			name = Release;
		};
		A9F9F2C02986192D00BE46C1 /* Debug */ = {
			isa = XCBuildConfiguration;
			buildSettings = {
				ALWAYS_EMBED_SWIFT_STANDARD_LIBRARIES = YES;
				CODE_SIGN_STYLE = Automatic;
				CURRENT_PROJECT_VERSION = 1;
				DEVELOPMENT_TEAM = JJX3XFYDLA;
				GENERATE_INFOPLIST_FILE = YES;
				MARKETING_VERSION = 1.0;
				PRODUCT_BUNDLE_IDENTIFIER = org.dubshepherd.PayMeStubbedUITests;
				PRODUCT_NAME = "$(TARGET_NAME)";
				SWIFT_EMIT_LOC_STRINGS = NO;
				SWIFT_VERSION = 5.0;
				TARGETED_DEVICE_FAMILY = "1,2";
				TEST_TARGET_NAME = PayMeStubbed;
			};
			name = Debug;
		};
		A9F9F2C12986192D00BE46C1 /* Release */ = {
			isa = XCBuildConfiguration;
			buildSettings = {
				ALWAYS_EMBED_SWIFT_STANDARD_LIBRARIES = YES;
				CODE_SIGN_STYLE = Automatic;
				CURRENT_PROJECT_VERSION = 1;
				DEVELOPMENT_TEAM = JJX3XFYDLA;
				GENERATE_INFOPLIST_FILE = YES;
				MARKETING_VERSION = 1.0;
				PRODUCT_BUNDLE_IDENTIFIER = org.dubshepherd.PayMeStubbedUITests;
				PRODUCT_NAME = "$(TARGET_NAME)";
				SWIFT_EMIT_LOC_STRINGS = NO;
				SWIFT_VERSION = 5.0;
				TARGETED_DEVICE_FAMILY = "1,2";
				TEST_TARGET_NAME = PayMeStubbed;
			};
			name = Release;
		};
		A9F9F2E2298C893100BE46C1 /* Debug */ = {
			isa = XCBuildConfiguration;
			buildSettings = {
				CODE_SIGN_STYLE = Automatic;
				DEVELOPMENT_TEAM = JJX3XFYDLA;
				OTHER_LDFLAGS = "-ObjC";
				PRODUCT_NAME = "$(TARGET_NAME)";
				SKIP_INSTALL = YES;
				SWIFT_VERSION = 5.0;
				TARGETED_DEVICE_FAMILY = "1,2";
			};
			name = Debug;
		};
		A9F9F2E3298C893100BE46C1 /* Release */ = {
			isa = XCBuildConfiguration;
			buildSettings = {
				CODE_SIGN_STYLE = Automatic;
				DEVELOPMENT_TEAM = JJX3XFYDLA;
				OTHER_LDFLAGS = "-ObjC";
				PRODUCT_NAME = "$(TARGET_NAME)";
				SKIP_INSTALL = YES;
				SWIFT_VERSION = 5.0;
				TARGETED_DEVICE_FAMILY = "1,2";
			};
			name = Release;
		};
/* End XCBuildConfiguration section */

/* Begin XCConfigurationList section */
		A967752D298E511E0025D0C3 /* Build configuration list for PBXNativeTarget "PayMeFramework" */ = {
			isa = XCConfigurationList;
			buildConfigurations = (
				A967752B298E511E0025D0C3 /* Debug */,
				A967752C298E511E0025D0C3 /* Release */,
			);
			defaultConfigurationIsVisible = 0;
			defaultConfigurationName = Release;
		};
		A9F9F2612986186200BE46C1 /* Build configuration list for PBXProject "PayMe" */ = {
			isa = XCConfigurationList;
			buildConfigurations = (
				A9F9F2882986186600BE46C1 /* Debug */,
				A9F9F2892986186600BE46C1 /* Release */,
			);
			defaultConfigurationIsVisible = 0;
			defaultConfigurationName = Release;
		};
		A9F9F2B92986192D00BE46C1 /* Build configuration list for PBXNativeTarget "PayMeStubbed" */ = {
			isa = XCConfigurationList;
			buildConfigurations = (
				A9F9F2BA2986192D00BE46C1 /* Debug */,
				A9F9F2BB2986192D00BE46C1 /* Release */,
			);
			defaultConfigurationIsVisible = 0;
			defaultConfigurationName = Release;
		};
		A9F9F2BC2986192D00BE46C1 /* Build configuration list for PBXNativeTarget "PayMeStubbedTests" */ = {
			isa = XCConfigurationList;
			buildConfigurations = (
				A9F9F2BD2986192D00BE46C1 /* Debug */,
				A9F9F2BE2986192D00BE46C1 /* Release */,
			);
			defaultConfigurationIsVisible = 0;
			defaultConfigurationName = Release;
		};
		A9F9F2BF2986192D00BE46C1 /* Build configuration list for PBXNativeTarget "PayMeStubbedUITests" */ = {
			isa = XCConfigurationList;
			buildConfigurations = (
				A9F9F2C02986192D00BE46C1 /* Debug */,
				A9F9F2C12986192D00BE46C1 /* Release */,
			);
			defaultConfigurationIsVisible = 0;
			defaultConfigurationName = Release;
		};
		A9F9F2E1298C893100BE46C1 /* Build configuration list for PBXNativeTarget "PayMeLibrary" */ = {
			isa = XCConfigurationList;
			buildConfigurations = (
				A9F9F2E2298C893100BE46C1 /* Debug */,
				A9F9F2E3298C893100BE46C1 /* Release */,
			);
			defaultConfigurationIsVisible = 0;
			defaultConfigurationName = Release;
		};
/* End XCConfigurationList section */

/* Begin XCRemoteSwiftPackageReference section */
		A9F9F2D2298BFEF900BE46C1 /* XCRemoteSwiftPackageReference "mockingbird" */ = {
			isa = XCRemoteSwiftPackageReference;
			repositoryURL = "https://github.com/birdrides/mockingbird";
			requirement = {
				kind = upToNextMinorVersion;
				minimumVersion = 0.20.0;
			};
		};
/* End XCRemoteSwiftPackageReference section */

/* Begin XCSwiftPackageProductDependency section */
		A9F9F2D5298C054700BE46C1 /* Mockingbird */ = {
			isa = XCSwiftPackageProductDependency;
			package = A9F9F2D2298BFEF900BE46C1 /* XCRemoteSwiftPackageReference "mockingbird" */;
			productName = Mockingbird;
		};
		A9F9F2D7298C080400BE46C1 /* PayMePackage */ = {
			isa = XCSwiftPackageProductDependency;
			productName = PayMePackage;
		};
/* End XCSwiftPackageProductDependency section */
	};
	rootObject = A9F9F25E2986186200BE46C1 /* Project object */;
}
