// !$*UTF8*$!
{
	archiveVersion = 1;
	classes = {
	};
	objectVersion = 56;
	objects = {

/* Begin PBXBuildFile section */
		A9F9F26A2986186200BE46C1 /* PayMeApp.swift in Sources */ = {isa = PBXBuildFile; fileRef = A9F9F2692986186200BE46C1 /* PayMeApp.swift */; };
		A9F9F26C2986186200BE46C1 /* ContentView.swift in Sources */ = {isa = PBXBuildFile; fileRef = A9F9F26B2986186200BE46C1 /* ContentView.swift */; };
		A9F9F26E2986186600BE46C1 /* Assets.xcassets in Resources */ = {isa = PBXBuildFile; fileRef = A9F9F26D2986186600BE46C1 /* Assets.xcassets */; };
		A9F9F2712986186600BE46C1 /* Preview Assets.xcassets in Resources */ = {isa = PBXBuildFile; fileRef = A9F9F2702986186600BE46C1 /* Preview Assets.xcassets */; };
		A9F9F27B2986186600BE46C1 /* PayMeTests.swift in Sources */ = {isa = PBXBuildFile; fileRef = A9F9F27A2986186600BE46C1 /* PayMeTests.swift */; };
		A9F9F2852986186600BE46C1 /* PayMeUITests.swift in Sources */ = {isa = PBXBuildFile; fileRef = A9F9F2842986186600BE46C1 /* PayMeUITests.swift */; };
		A9F9F2872986186600BE46C1 /* PayMeUITestsLaunchTests.swift in Sources */ = {isa = PBXBuildFile; fileRef = A9F9F2862986186600BE46C1 /* PayMeUITestsLaunchTests.swift */; };
		A9F9F29B2986192B00BE46C1 /* PayMeStubbedApp.swift in Sources */ = {isa = PBXBuildFile; fileRef = A9F9F29A2986192B00BE46C1 /* PayMeStubbedApp.swift */; };
		A9F9F29F2986192C00BE46C1 /* Assets.xcassets in Resources */ = {isa = PBXBuildFile; fileRef = A9F9F29E2986192C00BE46C1 /* Assets.xcassets */; };
		A9F9F2A22986192C00BE46C1 /* Preview Assets.xcassets in Resources */ = {isa = PBXBuildFile; fileRef = A9F9F2A12986192C00BE46C1 /* Preview Assets.xcassets */; };
		A9F9F2AC2986192C00BE46C1 /* PayMeStubbedTests.swift in Sources */ = {isa = PBXBuildFile; fileRef = A9F9F2AB2986192C00BE46C1 /* PayMeStubbedTests.swift */; };
		A9F9F2B62986192D00BE46C1 /* PayMeStubbedUITests.swift in Sources */ = {isa = PBXBuildFile; fileRef = A9F9F2B52986192D00BE46C1 /* PayMeStubbedUITests.swift */; };
		A9F9F2B82986192D00BE46C1 /* PayMeStubbedUITestsLaunchTests.swift in Sources */ = {isa = PBXBuildFile; fileRef = A9F9F2B72986192D00BE46C1 /* PayMeStubbedUITestsLaunchTests.swift */; };
		A9F9F2C429861CB600BE46C1 /* LoginViewPage.swift in Sources */ = {isa = PBXBuildFile; fileRef = A9F9F2C329861CB600BE46C1 /* LoginViewPage.swift */; };
		A9F9F2C62986203000BE46C1 /* HomePageView.swift in Sources */ = {isa = PBXBuildFile; fileRef = A9F9F2C52986203000BE46C1 /* HomePageView.swift */; };
		A9F9F2C92986259E00BE46C1 /* PayMePackage in Frameworks */ = {isa = PBXBuildFile; productRef = A9F9F2C82986259E00BE46C1 /* PayMePackage */; };
		A9F9F2CC29862D9C00BE46C1 /* StubAuthService.swift in Sources */ = {isa = PBXBuildFile; fileRef = A9F9F2CB29862D9C00BE46C1 /* StubAuthService.swift */; };
		A9F9F2CF29880A9D00BE46C1 /* ContentView.swift in Sources */ = {isa = PBXBuildFile; fileRef = A9F9F2CD29880A6A00BE46C1 /* ContentView.swift */; };
/* End PBXBuildFile section */

/* Begin PBXContainerItemProxy section */
		A9F9F2772986186600BE46C1 /* PBXContainerItemProxy */ = {
			isa = PBXContainerItemProxy;
			containerPortal = A9F9F25E2986186200BE46C1 /* Project object */;
			proxyType = 1;
			remoteGlobalIDString = A9F9F2652986186200BE46C1;
			remoteInfo = PayMe;
		};
		A9F9F2812986186600BE46C1 /* PBXContainerItemProxy */ = {
			isa = PBXContainerItemProxy;
			containerPortal = A9F9F25E2986186200BE46C1 /* Project object */;
			proxyType = 1;
			remoteGlobalIDString = A9F9F2652986186200BE46C1;
			remoteInfo = PayMe;
		};
		A9F9F2A82986192C00BE46C1 /* PBXContainerItemProxy */ = {
			isa = PBXContainerItemProxy;
			containerPortal = A9F9F25E2986186200BE46C1 /* Project object */;
			proxyType = 1;
			remoteGlobalIDString = A9F9F2972986192B00BE46C1;
			remoteInfo = PayMeStubbed;
		};
		A9F9F2B22986192D00BE46C1 /* PBXContainerItemProxy */ = {
			isa = PBXContainerItemProxy;
			containerPortal = A9F9F25E2986186200BE46C1 /* Project object */;
			proxyType = 1;
			remoteGlobalIDString = A9F9F2972986192B00BE46C1;
			remoteInfo = PayMeStubbed;
		};
/* End PBXContainerItemProxy section */

/* Begin PBXFileReference section */
		A9F9F2662986186200BE46C1 /* PayMe.app */ = {isa = PBXFileReference; explicitFileType = wrapper.application; includeInIndex = 0; path = PayMe.app; sourceTree = BUILT_PRODUCTS_DIR; };
		A9F9F2692986186200BE46C1 /* PayMeApp.swift */ = {isa = PBXFileReference; lastKnownFileType = sourcecode.swift; path = PayMeApp.swift; sourceTree = "<group>"; };
		A9F9F26B2986186200BE46C1 /* ContentView.swift */ = {isa = PBXFileReference; lastKnownFileType = sourcecode.swift; path = ContentView.swift; sourceTree = "<group>"; };
		A9F9F26D2986186600BE46C1 /* Assets.xcassets */ = {isa = PBXFileReference; lastKnownFileType = folder.assetcatalog; path = Assets.xcassets; sourceTree = "<group>"; };
		A9F9F2702986186600BE46C1 /* Preview Assets.xcassets */ = {isa = PBXFileReference; lastKnownFileType = folder.assetcatalog; path = "Preview Assets.xcassets"; sourceTree = "<group>"; };
		A9F9F2762986186600BE46C1 /* PayMeTests.xctest */ = {isa = PBXFileReference; explicitFileType = wrapper.cfbundle; includeInIndex = 0; path = PayMeTests.xctest; sourceTree = BUILT_PRODUCTS_DIR; };
		A9F9F27A2986186600BE46C1 /* PayMeTests.swift */ = {isa = PBXFileReference; lastKnownFileType = sourcecode.swift; path = PayMeTests.swift; sourceTree = "<group>"; };
		A9F9F2802986186600BE46C1 /* PayMeUITests.xctest */ = {isa = PBXFileReference; explicitFileType = wrapper.cfbundle; includeInIndex = 0; path = PayMeUITests.xctest; sourceTree = BUILT_PRODUCTS_DIR; };
		A9F9F2842986186600BE46C1 /* PayMeUITests.swift */ = {isa = PBXFileReference; lastKnownFileType = sourcecode.swift; path = PayMeUITests.swift; sourceTree = "<group>"; };
		A9F9F2862986186600BE46C1 /* PayMeUITestsLaunchTests.swift */ = {isa = PBXFileReference; lastKnownFileType = sourcecode.swift; path = PayMeUITestsLaunchTests.swift; sourceTree = "<group>"; };
		A9F9F293298618F300BE46C1 /* PayMePackage */ = {isa = PBXFileReference; lastKnownFileType = wrapper; path = PayMePackage; sourceTree = "<group>"; };
		A9F9F2982986192B00BE46C1 /* PayMeStubbed.app */ = {isa = PBXFileReference; explicitFileType = wrapper.application; includeInIndex = 0; path = PayMeStubbed.app; sourceTree = BUILT_PRODUCTS_DIR; };
		A9F9F29A2986192B00BE46C1 /* PayMeStubbedApp.swift */ = {isa = PBXFileReference; lastKnownFileType = sourcecode.swift; path = PayMeStubbedApp.swift; sourceTree = "<group>"; };
		A9F9F29E2986192C00BE46C1 /* Assets.xcassets */ = {isa = PBXFileReference; lastKnownFileType = folder.assetcatalog; path = Assets.xcassets; sourceTree = "<group>"; };
		A9F9F2A12986192C00BE46C1 /* Preview Assets.xcassets */ = {isa = PBXFileReference; lastKnownFileType = folder.assetcatalog; path = "Preview Assets.xcassets"; sourceTree = "<group>"; };
		A9F9F2A72986192C00BE46C1 /* PayMeStubbedTests.xctest */ = {isa = PBXFileReference; explicitFileType = wrapper.cfbundle; includeInIndex = 0; path = PayMeStubbedTests.xctest; sourceTree = BUILT_PRODUCTS_DIR; };
		A9F9F2AB2986192C00BE46C1 /* PayMeStubbedTests.swift */ = {isa = PBXFileReference; lastKnownFileType = sourcecode.swift; path = PayMeStubbedTests.swift; sourceTree = "<group>"; };
		A9F9F2B12986192D00BE46C1 /* PayMeStubbedUITests.xctest */ = {isa = PBXFileReference; explicitFileType = wrapper.cfbundle; includeInIndex = 0; path = PayMeStubbedUITests.xctest; sourceTree = BUILT_PRODUCTS_DIR; };
		A9F9F2B52986192D00BE46C1 /* PayMeStubbedUITests.swift */ = {isa = PBXFileReference; lastKnownFileType = sourcecode.swift; path = PayMeStubbedUITests.swift; sourceTree = "<group>"; };
		A9F9F2B72986192D00BE46C1 /* PayMeStubbedUITestsLaunchTests.swift */ = {isa = PBXFileReference; lastKnownFileType = sourcecode.swift; path = PayMeStubbedUITestsLaunchTests.swift; sourceTree = "<group>"; };
		A9F9F2C329861CB600BE46C1 /* LoginViewPage.swift */ = {isa = PBXFileReference; lastKnownFileType = sourcecode.swift; path = LoginViewPage.swift; sourceTree = "<group>"; };
		A9F9F2C52986203000BE46C1 /* HomePageView.swift */ = {isa = PBXFileReference; lastKnownFileType = sourcecode.swift; path = HomePageView.swift; sourceTree = "<group>"; };
		A9F9F2CB29862D9C00BE46C1 /* StubAuthService.swift */ = {isa = PBXFileReference; lastKnownFileType = sourcecode.swift; path = StubAuthService.swift; sourceTree = "<group>"; };
		A9F9F2CD29880A6A00BE46C1 /* ContentView.swift */ = {isa = PBXFileReference; lastKnownFileType = sourcecode.swift; path = ContentView.swift; sourceTree = "<group>"; };
/* End PBXFileReference section */

/* Begin PBXFrameworksBuildPhase section */
		A9F9F2632986186200BE46C1 /* Frameworks */ = {
			isa = PBXFrameworksBuildPhase;
			buildActionMask = 2147483647;
			files = (
			);
			runOnlyForDeploymentPostprocessing = 0;
		};
		A9F9F2732986186600BE46C1 /* Frameworks */ = {
			isa = PBXFrameworksBuildPhase;
			buildActionMask = 2147483647;
			files = (
			);
			runOnlyForDeploymentPostprocessing = 0;
		};
		A9F9F27D2986186600BE46C1 /* Frameworks */ = {
			isa = PBXFrameworksBuildPhase;
			buildActionMask = 2147483647;
			files = (
			);
			runOnlyForDeploymentPostprocessing = 0;
		};
		A9F9F2952986192B00BE46C1 /* Frameworks */ = {
			isa = PBXFrameworksBuildPhase;
			buildActionMask = 2147483647;
			files = (
				A9F9F2C92986259E00BE46C1 /* PayMePackage in Frameworks */,
			);
			runOnlyForDeploymentPostprocessing = 0;
		};
		A9F9F2A42986192C00BE46C1 /* Frameworks */ = {
			isa = PBXFrameworksBuildPhase;
			buildActionMask = 2147483647;
			files = (
			);
			runOnlyForDeploymentPostprocessing = 0;
		};
		A9F9F2AE2986192C00BE46C1 /* Frameworks */ = {
			isa = PBXFrameworksBuildPhase;
			buildActionMask = 2147483647;
			files = (
			);
			runOnlyForDeploymentPostprocessing = 0;
		};
/* End PBXFrameworksBuildPhase section */

/* Begin PBXGroup section */
		A9F9F25D2986186200BE46C1 = {
			isa = PBXGroup;
			children = (
				A9F9F293298618F300BE46C1 /* PayMePackage */,
				A9F9F2682986186200BE46C1 /* PayMe */,
				A9F9F2792986186600BE46C1 /* PayMeTests */,
				A9F9F2832986186600BE46C1 /* PayMeUITests */,
				A9F9F2992986192B00BE46C1 /* PayMeStubbed */,
				A9F9F2AA2986192C00BE46C1 /* PayMeStubbedTests */,
				A9F9F2B42986192D00BE46C1 /* PayMeStubbedUITests */,
				A9F9F2672986186200BE46C1 /* Products */,
				A9F9F2C72986259E00BE46C1 /* Frameworks */,
			);
			sourceTree = "<group>";
		};
		A9F9F2672986186200BE46C1 /* Products */ = {
			isa = PBXGroup;
			children = (
				A9F9F2662986186200BE46C1 /* PayMe.app */,
				A9F9F2762986186600BE46C1 /* PayMeTests.xctest */,
				A9F9F2802986186600BE46C1 /* PayMeUITests.xctest */,
				A9F9F2982986192B00BE46C1 /* PayMeStubbed.app */,
				A9F9F2A72986192C00BE46C1 /* PayMeStubbedTests.xctest */,
				A9F9F2B12986192D00BE46C1 /* PayMeStubbedUITests.xctest */,
			);
			name = Products;
			sourceTree = "<group>";
		};
		A9F9F2682986186200BE46C1 /* PayMe */ = {
			isa = PBXGroup;
			children = (
				A9F9F2692986186200BE46C1 /* PayMeApp.swift */,
				A9F9F26B2986186200BE46C1 /* ContentView.swift */,
				A9F9F26D2986186600BE46C1 /* Assets.xcassets */,
				A9F9F26F2986186600BE46C1 /* Preview Content */,
			);
			path = PayMe;
			sourceTree = "<group>";
		};
		A9F9F26F2986186600BE46C1 /* Preview Content */ = {
			isa = PBXGroup;
			children = (
				A9F9F2702986186600BE46C1 /* Preview Assets.xcassets */,
			);
			path = "Preview Content";
			sourceTree = "<group>";
		};
		A9F9F2792986186600BE46C1 /* PayMeTests */ = {
			isa = PBXGroup;
			children = (
				A9F9F27A2986186600BE46C1 /* PayMeTests.swift */,
			);
			path = PayMeTests;
			sourceTree = "<group>";
		};
		A9F9F2832986186600BE46C1 /* PayMeUITests */ = {
			isa = PBXGroup;
			children = (
				A9F9F2842986186600BE46C1 /* PayMeUITests.swift */,
				A9F9F2862986186600BE46C1 /* PayMeUITestsLaunchTests.swift */,
			);
			path = PayMeUITests;
			sourceTree = "<group>";
		};
		A9F9F2992986192B00BE46C1 /* PayMeStubbed */ = {
			isa = PBXGroup;
			children = (
				A9F9F2CD29880A6A00BE46C1 /* ContentView.swift */,
				A9F9F2CA29862D8400BE46C1 /* Stubs */,
				A9F9F29A2986192B00BE46C1 /* PayMeStubbedApp.swift */,
				A9F9F29E2986192C00BE46C1 /* Assets.xcassets */,
				A9F9F2A02986192C00BE46C1 /* Preview Content */,
			);
			path = PayMeStubbed;
			sourceTree = "<group>";
		};
		A9F9F2A02986192C00BE46C1 /* Preview Content */ = {
			isa = PBXGroup;
			children = (
				A9F9F2A12986192C00BE46C1 /* Preview Assets.xcassets */,
			);
			path = "Preview Content";
			sourceTree = "<group>";
		};
		A9F9F2AA2986192C00BE46C1 /* PayMeStubbedTests */ = {
			isa = PBXGroup;
			children = (
				A9F9F2AB2986192C00BE46C1 /* PayMeStubbedTests.swift */,
			);
			path = PayMeStubbedTests;
			sourceTree = "<group>";
		};
		A9F9F2B42986192D00BE46C1 /* PayMeStubbedUITests */ = {
			isa = PBXGroup;
			children = (
				A9F9F2C229861C8400BE46C1 /* Page Objects */,
				A9F9F2B52986192D00BE46C1 /* PayMeStubbedUITests.swift */,
				A9F9F2B72986192D00BE46C1 /* PayMeStubbedUITestsLaunchTests.swift */,
			);
			path = PayMeStubbedUITests;
			sourceTree = "<group>";
		};
		A9F9F2C229861C8400BE46C1 /* Page Objects */ = {
			isa = PBXGroup;
			children = (
				A9F9F2C329861CB600BE46C1 /* LoginViewPage.swift */,
				A9F9F2C52986203000BE46C1 /* HomePageView.swift */,
			);
			path = "Page Objects";
			sourceTree = "<group>";
		};
		A9F9F2C72986259E00BE46C1 /* Frameworks */ = {
			isa = PBXGroup;
			children = (
			);
			name = Frameworks;
			sourceTree = "<group>";
		};
		A9F9F2CA29862D8400BE46C1 /* Stubs */ = {
			isa = PBXGroup;
			children = (
				A9F9F2CB29862D9C00BE46C1 /* StubAuthService.swift */,
			);
			path = Stubs;
			sourceTree = "<group>";
		};
/* End PBXGroup section */

/* Begin PBXNativeTarget section */
		A9F9F2652986186200BE46C1 /* PayMe */ = {
			isa = PBXNativeTarget;
			buildConfigurationList = A9F9F28A2986186600BE46C1 /* Build configuration list for PBXNativeTarget "PayMe" */;
			buildPhases = (
				A9F9F2622986186200BE46C1 /* Sources */,
				A9F9F2632986186200BE46C1 /* Frameworks */,
				A9F9F2642986186200BE46C1 /* Resources */,
			);
			buildRules = (
			);
			dependencies = (
			);
			name = PayMe;
			productName = PayMe;
			productReference = A9F9F2662986186200BE46C1 /* PayMe.app */;
			productType = "com.apple.product-type.application";
		};
		A9F9F2752986186600BE46C1 /* PayMeTests */ = {
			isa = PBXNativeTarget;
			buildConfigurationList = A9F9F28D2986186600BE46C1 /* Build configuration list for PBXNativeTarget "PayMeTests" */;
			buildPhases = (
				A9F9F2722986186600BE46C1 /* Sources */,
				A9F9F2732986186600BE46C1 /* Frameworks */,
				A9F9F2742986186600BE46C1 /* Resources */,
			);
			buildRules = (
			);
			dependencies = (
				A9F9F2782986186600BE46C1 /* PBXTargetDependency */,
			);
			name = PayMeTests;
			productName = PayMeTests;
			productReference = A9F9F2762986186600BE46C1 /* PayMeTests.xctest */;
			productType = "com.apple.product-type.bundle.unit-test";
		};
		A9F9F27F2986186600BE46C1 /* PayMeUITests */ = {
			isa = PBXNativeTarget;
			buildConfigurationList = A9F9F2902986186600BE46C1 /* Build configuration list for PBXNativeTarget "PayMeUITests" */;
			buildPhases = (
				A9F9F27C2986186600BE46C1 /* Sources */,
				A9F9F27D2986186600BE46C1 /* Frameworks */,
				A9F9F27E2986186600BE46C1 /* Resources */,
			);
			buildRules = (
			);
			dependencies = (
				A9F9F2822986186600BE46C1 /* PBXTargetDependency */,
			);
			name = PayMeUITests;
			productName = PayMeUITests;
			productReference = A9F9F2802986186600BE46C1 /* PayMeUITests.xctest */;
			productType = "com.apple.product-type.bundle.ui-testing";
		};
		A9F9F2972986192B00BE46C1 /* PayMeStubbed */ = {
			isa = PBXNativeTarget;
			buildConfigurationList = A9F9F2B92986192D00BE46C1 /* Build configuration list for PBXNativeTarget "PayMeStubbed" */;
			buildPhases = (
				A9F9F2942986192B00BE46C1 /* Sources */,
				A9F9F2952986192B00BE46C1 /* Frameworks */,
				A9F9F2962986192B00BE46C1 /* Resources */,
			);
			buildRules = (
			);
			dependencies = (
			);
			name = PayMeStubbed;
			packageProductDependencies = (
				A9F9F2C82986259E00BE46C1 /* PayMePackage */,
			);
			productName = PayMeStubbed;
			productReference = A9F9F2982986192B00BE46C1 /* PayMeStubbed.app */;
			productType = "com.apple.product-type.application";
		};
		A9F9F2A62986192C00BE46C1 /* PayMeStubbedTests */ = {
			isa = PBXNativeTarget;
			buildConfigurationList = A9F9F2BC2986192D00BE46C1 /* Build configuration list for PBXNativeTarget "PayMeStubbedTests" */;
			buildPhases = (
				A9F9F2A32986192C00BE46C1 /* Sources */,
				A9F9F2A42986192C00BE46C1 /* Frameworks */,
				A9F9F2A52986192C00BE46C1 /* Resources */,
			);
			buildRules = (
			);
			dependencies = (
				A9F9F2A92986192C00BE46C1 /* PBXTargetDependency */,
			);
			name = PayMeStubbedTests;
			productName = PayMeStubbedTests;
			productReference = A9F9F2A72986192C00BE46C1 /* PayMeStubbedTests.xctest */;
			productType = "com.apple.product-type.bundle.unit-test";
		};
		A9F9F2B02986192C00BE46C1 /* PayMeStubbedUITests */ = {
			isa = PBXNativeTarget;
			buildConfigurationList = A9F9F2BF2986192D00BE46C1 /* Build configuration list for PBXNativeTarget "PayMeStubbedUITests" */;
			buildPhases = (
				A9F9F2AD2986192C00BE46C1 /* Sources */,
				A9F9F2AE2986192C00BE46C1 /* Frameworks */,
				A9F9F2AF2986192C00BE46C1 /* Resources */,
			);
			buildRules = (
			);
			dependencies = (
				A9F9F2B32986192D00BE46C1 /* PBXTargetDependency */,
			);
			name = PayMeStubbedUITests;
			productName = PayMeStubbedUITests;
			productReference = A9F9F2B12986192D00BE46C1 /* PayMeStubbedUITests.xctest */;
			productType = "com.apple.product-type.bundle.ui-testing";
		};
/* End PBXNativeTarget section */

/* Begin PBXProject section */
		A9F9F25E2986186200BE46C1 /* Project object */ = {
			isa = PBXProject;
			attributes = {
				BuildIndependentTargetsInParallel = 1;
				LastSwiftUpdateCheck = 1420;
				LastUpgradeCheck = 1420;
				TargetAttributes = {
					A9F9F2652986186200BE46C1 = {
						CreatedOnToolsVersion = 14.2;
					};
					A9F9F2752986186600BE46C1 = {
						CreatedOnToolsVersion = 14.2;
						TestTargetID = A9F9F2652986186200BE46C1;
					};
					A9F9F27F2986186600BE46C1 = {
						CreatedOnToolsVersion = 14.2;
						TestTargetID = A9F9F2652986186200BE46C1;
					};
					A9F9F2972986192B00BE46C1 = {
						CreatedOnToolsVersion = 14.2;
					};
					A9F9F2A62986192C00BE46C1 = {
						CreatedOnToolsVersion = 14.2;
						TestTargetID = A9F9F2972986192B00BE46C1;
					};
					A9F9F2B02986192C00BE46C1 = {
						CreatedOnToolsVersion = 14.2;
						TestTargetID = A9F9F2972986192B00BE46C1;
					};
				};
			};
			buildConfigurationList = A9F9F2612986186200BE46C1 /* Build configuration list for PBXProject "PayMe" */;
			compatibilityVersion = "Xcode 14.0";
			developmentRegion = en;
			hasScannedForEncodings = 0;
			knownRegions = (
				en,
				Base,
			);
			mainGroup = A9F9F25D2986186200BE46C1;
			productRefGroup = A9F9F2672986186200BE46C1 /* Products */;
			projectDirPath = "";
			projectRoot = "";
			targets = (
				A9F9F2652986186200BE46C1 /* PayMe */,
				A9F9F2752986186600BE46C1 /* PayMeTests */,
				A9F9F27F2986186600BE46C1 /* PayMeUITests */,
				A9F9F2972986192B00BE46C1 /* PayMeStubbed */,
				A9F9F2A62986192C00BE46C1 /* PayMeStubbedTests */,
				A9F9F2B02986192C00BE46C1 /* PayMeStubbedUITests */,
			);
		};
/* End PBXProject section */

/* Begin PBXResourcesBuildPhase section */
		A9F9F2642986186200BE46C1 /* Resources */ = {
			isa = PBXResourcesBuildPhase;
			buildActionMask = 2147483647;
			files = (
				A9F9F2712986186600BE46C1 /* Preview Assets.xcassets in Resources */,
				A9F9F26E2986186600BE46C1 /* Assets.xcassets in Resources */,
			);
			runOnlyForDeploymentPostprocessing = 0;
		};
		A9F9F2742986186600BE46C1 /* Resources */ = {
			isa = PBXResourcesBuildPhase;
			buildActionMask = 2147483647;
			files = (
			);
			runOnlyForDeploymentPostprocessing = 0;
		};
		A9F9F27E2986186600BE46C1 /* Resources */ = {
			isa = PBXResourcesBuildPhase;
			buildActionMask = 2147483647;
			files = (
			);
			runOnlyForDeploymentPostprocessing = 0;
		};
		A9F9F2962986192B00BE46C1 /* Resources */ = {
			isa = PBXResourcesBuildPhase;
			buildActionMask = 2147483647;
			files = (
				A9F9F2A22986192C00BE46C1 /* Preview Assets.xcassets in Resources */,
				A9F9F29F2986192C00BE46C1 /* Assets.xcassets in Resources */,
			);
			runOnlyForDeploymentPostprocessing = 0;
		};
		A9F9F2A52986192C00BE46C1 /* Resources */ = {
			isa = PBXResourcesBuildPhase;
			buildActionMask = 2147483647;
			files = (
			);
			runOnlyForDeploymentPostprocessing = 0;
		};
		A9F9F2AF2986192C00BE46C1 /* Resources */ = {
			isa = PBXResourcesBuildPhase;
			buildActionMask = 2147483647;
			files = (
			);
			runOnlyForDeploymentPostprocessing = 0;
		};
/* End PBXResourcesBuildPhase section */

/* Begin PBXSourcesBuildPhase section */
		A9F9F2622986186200BE46C1 /* Sources */ = {
			isa = PBXSourcesBuildPhase;
			buildActionMask = 2147483647;
			files = (
				A9F9F26C2986186200BE46C1 /* ContentView.swift in Sources */,
				A9F9F26A2986186200BE46C1 /* PayMeApp.swift in Sources */,
			);
			runOnlyForDeploymentPostprocessing = 0;
		};
		A9F9F2722986186600BE46C1 /* Sources */ = {
			isa = PBXSourcesBuildPhase;
			buildActionMask = 2147483647;
			files = (
				A9F9F27B2986186600BE46C1 /* PayMeTests.swift in Sources */,
			);
			runOnlyForDeploymentPostprocessing = 0;
		};
		A9F9F27C2986186600BE46C1 /* Sources */ = {
			isa = PBXSourcesBuildPhase;
			buildActionMask = 2147483647;
			files = (
				A9F9F2852986186600BE46C1 /* PayMeUITests.swift in Sources */,
				A9F9F2872986186600BE46C1 /* PayMeUITestsLaunchTests.swift in Sources */,
			);
			runOnlyForDeploymentPostprocessing = 0;
		};
		A9F9F2942986192B00BE46C1 /* Sources */ = {
			isa = PBXSourcesBuildPhase;
			buildActionMask = 2147483647;
			files = (
				A9F9F29B2986192B00BE46C1 /* PayMeStubbedApp.swift in Sources */,
				A9F9F2CC29862D9C00BE46C1 /* StubAuthService.swift in Sources */,
				A9F9F2CF29880A9D00BE46C1 /* ContentView.swift in Sources */,
			);
			runOnlyForDeploymentPostprocessing = 0;
		};
		A9F9F2A32986192C00BE46C1 /* Sources */ = {
			isa = PBXSourcesBuildPhase;
			buildActionMask = 2147483647;
			files = (
				A9F9F2AC2986192C00BE46C1 /* PayMeStubbedTests.swift in Sources */,
			);
			runOnlyForDeploymentPostprocessing = 0;
		};
		A9F9F2AD2986192C00BE46C1 /* Sources */ = {
			isa = PBXSourcesBuildPhase;
			buildActionMask = 2147483647;
			files = (
				A9F9F2B62986192D00BE46C1 /* PayMeStubbedUITests.swift in Sources */,
				A9F9F2B82986192D00BE46C1 /* PayMeStubbedUITestsLaunchTests.swift in Sources */,
				A9F9F2C62986203000BE46C1 /* HomePageView.swift in Sources */,
				A9F9F2C429861CB600BE46C1 /* LoginViewPage.swift in Sources */,
			);
			runOnlyForDeploymentPostprocessing = 0;
		};
/* End PBXSourcesBuildPhase section */

/* Begin PBXTargetDependency section */
		A9F9F2782986186600BE46C1 /* PBXTargetDependency */ = {
			isa = PBXTargetDependency;
			target = A9F9F2652986186200BE46C1 /* PayMe */;
			targetProxy = A9F9F2772986186600BE46C1 /* PBXContainerItemProxy */;
		};
		A9F9F2822986186600BE46C1 /* PBXTargetDependency */ = {
			isa = PBXTargetDependency;
			target = A9F9F2652986186200BE46C1 /* PayMe */;
			targetProxy = A9F9F2812986186600BE46C1 /* PBXContainerItemProxy */;
		};
		A9F9F2A92986192C00BE46C1 /* PBXTargetDependency */ = {
			isa = PBXTargetDependency;
			target = A9F9F2972986192B00BE46C1 /* PayMeStubbed */;
			targetProxy = A9F9F2A82986192C00BE46C1 /* PBXContainerItemProxy */;
		};
		A9F9F2B32986192D00BE46C1 /* PBXTargetDependency */ = {
			isa = PBXTargetDependency;
			target = A9F9F2972986192B00BE46C1 /* PayMeStubbed */;
			targetProxy = A9F9F2B22986192D00BE46C1 /* PBXContainerItemProxy */;
		};
/* End PBXTargetDependency section */

/* Begin XCBuildConfiguration section */
		A9F9F2882986186600BE46C1 /* Debug */ = {
			isa = XCBuildConfiguration;
			buildSettings = {
				ALWAYS_SEARCH_USER_PATHS = NO;
				CLANG_ANALYZER_NONNULL = YES;
				CLANG_ANALYZER_NUMBER_OBJECT_CONVERSION = YES_AGGRESSIVE;
				CLANG_CXX_LANGUAGE_STANDARD = "gnu++20";
				CLANG_ENABLE_MODULES = YES;
				CLANG_ENABLE_OBJC_ARC = YES;
				CLANG_ENABLE_OBJC_WEAK = YES;
				CLANG_WARN_BLOCK_CAPTURE_AUTORELEASING = YES;
				CLANG_WARN_BOOL_CONVERSION = YES;
				CLANG_WARN_COMMA = YES;
				CLANG_WARN_CONSTANT_CONVERSION = YES;
				CLANG_WARN_DEPRECATED_OBJC_IMPLEMENTATIONS = YES;
				CLANG_WARN_DIRECT_OBJC_ISA_USAGE = YES_ERROR;
				CLANG_WARN_DOCUMENTATION_COMMENTS = YES;
				CLANG_WARN_EMPTY_BODY = YES;
				CLANG_WARN_ENUM_CONVERSION = YES;
				CLANG_WARN_INFINITE_RECURSION = YES;
				CLANG_WARN_INT_CONVERSION = YES;
				CLANG_WARN_NON_LITERAL_NULL_CONVERSION = YES;
				CLANG_WARN_OBJC_IMPLICIT_RETAIN_SELF = YES;
				CLANG_WARN_OBJC_LITERAL_CONVERSION = YES;
				CLANG_WARN_OBJC_ROOT_CLASS = YES_ERROR;
				CLANG_WARN_QUOTED_INCLUDE_IN_FRAMEWORK_HEADER = YES;
				CLANG_WARN_RANGE_LOOP_ANALYSIS = YES;
				CLANG_WARN_STRICT_PROTOTYPES = YES;
				CLANG_WARN_SUSPICIOUS_MOVE = YES;
				CLANG_WARN_UNGUARDED_AVAILABILITY = YES_AGGRESSIVE;
				CLANG_WARN_UNREACHABLE_CODE = YES;
				CLANG_WARN__DUPLICATE_METHOD_MATCH = YES;
				COPY_PHASE_STRIP = NO;
				DEBUG_INFORMATION_FORMAT = dwarf;
				ENABLE_STRICT_OBJC_MSGSEND = YES;
				ENABLE_TESTABILITY = YES;
				GCC_C_LANGUAGE_STANDARD = gnu11;
				GCC_DYNAMIC_NO_PIC = NO;
				GCC_NO_COMMON_BLOCKS = YES;
				GCC_OPTIMIZATION_LEVEL = 0;
				GCC_PREPROCESSOR_DEFINITIONS = (
					"DEBUG=1",
					"$(inherited)",
				);
				GCC_WARN_64_TO_32_BIT_CONVERSION = YES;
				GCC_WARN_ABOUT_RETURN_TYPE = YES_ERROR;
				GCC_WARN_UNDECLARED_SELECTOR = YES;
				GCC_WARN_UNINITIALIZED_AUTOS = YES_AGGRESSIVE;
				GCC_WARN_UNUSED_FUNCTION = YES;
				GCC_WARN_UNUSED_VARIABLE = YES;
				IPHONEOS_DEPLOYMENT_TARGET = 16.2;
				MTL_ENABLE_DEBUG_INFO = INCLUDE_SOURCE;
				MTL_FAST_MATH = YES;
				ONLY_ACTIVE_ARCH = YES;
				SDKROOT = iphoneos;
				SWIFT_ACTIVE_COMPILATION_CONDITIONS = DEBUG;
				SWIFT_OPTIMIZATION_LEVEL = "-Onone";
			};
			name = Debug;
		};
		A9F9F2892986186600BE46C1 /* Release */ = {
			isa = XCBuildConfiguration;
			buildSettings = {
				ALWAYS_SEARCH_USER_PATHS = NO;
				CLANG_ANALYZER_NONNULL = YES;
				CLANG_ANALYZER_NUMBER_OBJECT_CONVERSION = YES_AGGRESSIVE;
				CLANG_CXX_LANGUAGE_STANDARD = "gnu++20";
				CLANG_ENABLE_MODULES = YES;
				CLANG_ENABLE_OBJC_ARC = YES;
				CLANG_ENABLE_OBJC_WEAK = YES;
				CLANG_WARN_BLOCK_CAPTURE_AUTORELEASING = YES;
				CLANG_WARN_BOOL_CONVERSION = YES;
				CLANG_WARN_COMMA = YES;
				CLANG_WARN_CONSTANT_CONVERSION = YES;
				CLANG_WARN_DEPRECATED_OBJC_IMPLEMENTATIONS = YES;
				CLANG_WARN_DIRECT_OBJC_ISA_USAGE = YES_ERROR;
				CLANG_WARN_DOCUMENTATION_COMMENTS = YES;
				CLANG_WARN_EMPTY_BODY = YES;
				CLANG_WARN_ENUM_CONVERSION = YES;
				CLANG_WARN_INFINITE_RECURSION = YES;
				CLANG_WARN_INT_CONVERSION = YES;
				CLANG_WARN_NON_LITERAL_NULL_CONVERSION = YES;
				CLANG_WARN_OBJC_IMPLICIT_RETAIN_SELF = YES;
				CLANG_WARN_OBJC_LITERAL_CONVERSION = YES;
				CLANG_WARN_OBJC_ROOT_CLASS = YES_ERROR;
				CLANG_WARN_QUOTED_INCLUDE_IN_FRAMEWORK_HEADER = YES;
				CLANG_WARN_RANGE_LOOP_ANALYSIS = YES;
				CLANG_WARN_STRICT_PROTOTYPES = YES;
				CLANG_WARN_SUSPICIOUS_MOVE = YES;
				CLANG_WARN_UNGUARDED_AVAILABILITY = YES_AGGRESSIVE;
				CLANG_WARN_UNREACHABLE_CODE = YES;
				CLANG_WARN__DUPLICATE_METHOD_MATCH = YES;
				COPY_PHASE_STRIP = NO;
				DEBUG_INFORMATION_FORMAT = "dwarf-with-dsym";
				ENABLE_NS_ASSERTIONS = NO;
				ENABLE_STRICT_OBJC_MSGSEND = YES;
				GCC_C_LANGUAGE_STANDARD = gnu11;
				GCC_NO_COMMON_BLOCKS = YES;
				GCC_WARN_64_TO_32_BIT_CONVERSION = YES;
				GCC_WARN_ABOUT_RETURN_TYPE = YES_ERROR;
				GCC_WARN_UNDECLARED_SELECTOR = YES;
				GCC_WARN_UNINITIALIZED_AUTOS = YES_AGGRESSIVE;
				GCC_WARN_UNUSED_FUNCTION = YES;
				GCC_WARN_UNUSED_VARIABLE = YES;
				IPHONEOS_DEPLOYMENT_TARGET = 16.2;
				MTL_ENABLE_DEBUG_INFO = NO;
				MTL_FAST_MATH = YES;
				SDKROOT = iphoneos;
				SWIFT_COMPILATION_MODE = wholemodule;
				SWIFT_OPTIMIZATION_LEVEL = "-O";
				VALIDATE_PRODUCT = YES;
			};
			name = Release;
		};
		A9F9F28B2986186600BE46C1 /* Debug */ = {
			isa = XCBuildConfiguration;
			buildSettings = {
				ASSETCATALOG_COMPILER_APPICON_NAME = AppIcon;
				ASSETCATALOG_COMPILER_GLOBAL_ACCENT_COLOR_NAME = AccentColor;
				CODE_SIGN_STYLE = Automatic;
				CURRENT_PROJECT_VERSION = 1;
				DEVELOPMENT_ASSET_PATHS = "\"PayMe/Preview Content\"";
				DEVELOPMENT_TEAM = JJX3XFYDLA;
				ENABLE_PREVIEWS = YES;
				GENERATE_INFOPLIST_FILE = YES;
				INFOPLIST_KEY_UIApplicationSceneManifest_Generation = YES;
				INFOPLIST_KEY_UIApplicationSupportsIndirectInputEvents = YES;
				INFOPLIST_KEY_UILaunchScreen_Generation = YES;
				INFOPLIST_KEY_UISupportedInterfaceOrientations_iPad = "UIInterfaceOrientationPortrait UIInterfaceOrientationPortraitUpsideDown UIInterfaceOrientationLandscapeLeft UIInterfaceOrientationLandscapeRight";
				INFOPLIST_KEY_UISupportedInterfaceOrientations_iPhone = "UIInterfaceOrientationPortrait UIInterfaceOrientationLandscapeLeft UIInterfaceOrientationLandscapeRight";
				LD_RUNPATH_SEARCH_PATHS = (
					"$(inherited)",
					"@executable_path/Frameworks",
				);
				MARKETING_VERSION = 1.0;
				PRODUCT_BUNDLE_IDENTIFIER = org.dubshepherd.PayMe;
				PRODUCT_NAME = "$(TARGET_NAME)";
				SWIFT_EMIT_LOC_STRINGS = YES;
				SWIFT_VERSION = 5.0;
				TARGETED_DEVICE_FAMILY = "1,2";
			};
			name = Debug;
		};
		A9F9F28C2986186600BE46C1 /* Release */ = {
			isa = XCBuildConfiguration;
			buildSettings = {
				ASSETCATALOG_COMPILER_APPICON_NAME = AppIcon;
				ASSETCATALOG_COMPILER_GLOBAL_ACCENT_COLOR_NAME = AccentColor;
				CODE_SIGN_STYLE = Automatic;
				CURRENT_PROJECT_VERSION = 1;
				DEVELOPMENT_ASSET_PATHS = "\"PayMe/Preview Content\"";
				DEVELOPMENT_TEAM = JJX3XFYDLA;
				ENABLE_PREVIEWS = YES;
				GENERATE_INFOPLIST_FILE = YES;
				INFOPLIST_KEY_UIApplicationSceneManifest_Generation = YES;
				INFOPLIST_KEY_UIApplicationSupportsIndirectInputEvents = YES;
				INFOPLIST_KEY_UILaunchScreen_Generation = YES;
				INFOPLIST_KEY_UISupportedInterfaceOrientations_iPad = "UIInterfaceOrientationPortrait UIInterfaceOrientationPortraitUpsideDown UIInterfaceOrientationLandscapeLeft UIInterfaceOrientationLandscapeRight";
				INFOPLIST_KEY_UISupportedInterfaceOrientations_iPhone = "UIInterfaceOrientationPortrait UIInterfaceOrientationLandscapeLeft UIInterfaceOrientationLandscapeRight";
				LD_RUNPATH_SEARCH_PATHS = (
					"$(inherited)",
					"@executable_path/Frameworks",
				);
				MARKETING_VERSION = 1.0;
				PRODUCT_BUNDLE_IDENTIFIER = org.dubshepherd.PayMe;
				PRODUCT_NAME = "$(TARGET_NAME)";
				SWIFT_EMIT_LOC_STRINGS = YES;
				SWIFT_VERSION = 5.0;
				TARGETED_DEVICE_FAMILY = "1,2";
			};
			name = Release;
		};
		A9F9F28E2986186600BE46C1 /* Debug */ = {
			isa = XCBuildConfiguration;
			buildSettings = {
				ALWAYS_EMBED_SWIFT_STANDARD_LIBRARIES = YES;
				BUNDLE_LOADER = "$(TEST_HOST)";
				CODE_SIGN_STYLE = Automatic;
				CURRENT_PROJECT_VERSION = 1;
				DEVELOPMENT_TEAM = JJX3XFYDLA;
				GENERATE_INFOPLIST_FILE = YES;
				IPHONEOS_DEPLOYMENT_TARGET = 16.2;
				MARKETING_VERSION = 1.0;
				PRODUCT_BUNDLE_IDENTIFIER = org.dubshepherd.PayMeTests;
				PRODUCT_NAME = "$(TARGET_NAME)";
				SWIFT_EMIT_LOC_STRINGS = NO;
				SWIFT_VERSION = 5.0;
				TARGETED_DEVICE_FAMILY = "1,2";
				TEST_HOST = "$(BUILT_PRODUCTS_DIR)/PayMe.app/$(BUNDLE_EXECUTABLE_FOLDER_PATH)/PayMe";
			};
			name = Debug;
		};
		A9F9F28F2986186600BE46C1 /* Release */ = {
			isa = XCBuildConfiguration;
			buildSettings = {
				ALWAYS_EMBED_SWIFT_STANDARD_LIBRARIES = YES;
				BUNDLE_LOADER = "$(TEST_HOST)";
				CODE_SIGN_STYLE = Automatic;
				CURRENT_PROJECT_VERSION = 1;
				DEVELOPMENT_TEAM = JJX3XFYDLA;
				GENERATE_INFOPLIST_FILE = YES;
				IPHONEOS_DEPLOYMENT_TARGET = 16.2;
				MARKETING_VERSION = 1.0;
				PRODUCT_BUNDLE_IDENTIFIER = org.dubshepherd.PayMeTests;
				PRODUCT_NAME = "$(TARGET_NAME)";
				SWIFT_EMIT_LOC_STRINGS = NO;
				SWIFT_VERSION = 5.0;
				TARGETED_DEVICE_FAMILY = "1,2";
				TEST_HOST = "$(BUILT_PRODUCTS_DIR)/PayMe.app/$(BUNDLE_EXECUTABLE_FOLDER_PATH)/PayMe";
			};
			name = Release;
		};
		A9F9F2912986186600BE46C1 /* Debug */ = {
			isa = XCBuildConfiguration;
			buildSettings = {
				ALWAYS_EMBED_SWIFT_STANDARD_LIBRARIES = YES;
				CODE_SIGN_STYLE = Automatic;
				CURRENT_PROJECT_VERSION = 1;
				DEVELOPMENT_TEAM = JJX3XFYDLA;
				GENERATE_INFOPLIST_FILE = YES;
				MARKETING_VERSION = 1.0;
				PRODUCT_BUNDLE_IDENTIFIER = org.dubshepherd.PayMeUITests;
				PRODUCT_NAME = "$(TARGET_NAME)";
				SWIFT_EMIT_LOC_STRINGS = NO;
				SWIFT_VERSION = 5.0;
				TARGETED_DEVICE_FAMILY = "1,2";
				TEST_TARGET_NAME = PayMe;
			};
			name = Debug;
		};
		A9F9F2922986186600BE46C1 /* Release */ = {
			isa = XCBuildConfiguration;
			buildSettings = {
				ALWAYS_EMBED_SWIFT_STANDARD_LIBRARIES = YES;
				CODE_SIGN_STYLE = Automatic;
				CURRENT_PROJECT_VERSION = 1;
				DEVELOPMENT_TEAM = JJX3XFYDLA;
				GENERATE_INFOPLIST_FILE = YES;
				MARKETING_VERSION = 1.0;
				PRODUCT_BUNDLE_IDENTIFIER = org.dubshepherd.PayMeUITests;
				PRODUCT_NAME = "$(TARGET_NAME)";
				SWIFT_EMIT_LOC_STRINGS = NO;
				SWIFT_VERSION = 5.0;
				TARGETED_DEVICE_FAMILY = "1,2";
				TEST_TARGET_NAME = PayMe;
			};
			name = Release;
		};
		A9F9F2BA2986192D00BE46C1 /* Debug */ = {
			isa = XCBuildConfiguration;
			buildSettings = {
				ASSETCATALOG_COMPILER_APPICON_NAME = AppIcon;
				ASSETCATALOG_COMPILER_GLOBAL_ACCENT_COLOR_NAME = AccentColor;
				CODE_SIGN_STYLE = Automatic;
				CURRENT_PROJECT_VERSION = 1;
				DEVELOPMENT_ASSET_PATHS = "\"PayMeStubbed/Preview Content\"";
				DEVELOPMENT_TEAM = JJX3XFYDLA;
				ENABLE_PREVIEWS = YES;
				GENERATE_INFOPLIST_FILE = YES;
				INFOPLIST_KEY_UIApplicationSceneManifest_Generation = YES;
				INFOPLIST_KEY_UIApplicationSupportsIndirectInputEvents = YES;
				INFOPLIST_KEY_UILaunchScreen_Generation = YES;
				INFOPLIST_KEY_UISupportedInterfaceOrientations_iPad = "UIInterfaceOrientationPortrait UIInterfaceOrientationPortraitUpsideDown UIInterfaceOrientationLandscapeLeft UIInterfaceOrientationLandscapeRight";
				INFOPLIST_KEY_UISupportedInterfaceOrientations_iPhone = "UIInterfaceOrientationPortrait UIInterfaceOrientationLandscapeLeft UIInterfaceOrientationLandscapeRight";
				LD_RUNPATH_SEARCH_PATHS = (
					"$(inherited)",
					"@executable_path/Frameworks",
				);
				MARKETING_VERSION = 1.0;
				PRODUCT_BUNDLE_IDENTIFIER = org.dubshepherd.PayMeStubbed;
				PRODUCT_NAME = "$(TARGET_NAME)";
				SWIFT_EMIT_LOC_STRINGS = YES;
				SWIFT_VERSION = 5.0;
				TARGETED_DEVICE_FAMILY = "1,2";
			};
			name = Debug;
		};
		A9F9F2BB2986192D00BE46C1 /* Release */ = {
			isa = XCBuildConfiguration;
			buildSettings = {
				ASSETCATALOG_COMPILER_APPICON_NAME = AppIcon;
				ASSETCATALOG_COMPILER_GLOBAL_ACCENT_COLOR_NAME = AccentColor;
				CODE_SIGN_STYLE = Automatic;
				CURRENT_PROJECT_VERSION = 1;
				DEVELOPMENT_ASSET_PATHS = "\"PayMeStubbed/Preview Content\"";
				DEVELOPMENT_TEAM = JJX3XFYDLA;
				ENABLE_PREVIEWS = YES;
				GENERATE_INFOPLIST_FILE = YES;
				INFOPLIST_KEY_UIApplicationSceneManifest_Generation = YES;
				INFOPLIST_KEY_UIApplicationSupportsIndirectInputEvents = YES;
				INFOPLIST_KEY_UILaunchScreen_Generation = YES;
				INFOPLIST_KEY_UISupportedInterfaceOrientations_iPad = "UIInterfaceOrientationPortrait UIInterfaceOrientationPortraitUpsideDown UIInterfaceOrientationLandscapeLeft UIInterfaceOrientationLandscapeRight";
				INFOPLIST_KEY_UISupportedInterfaceOrientations_iPhone = "UIInterfaceOrientationPortrait UIInterfaceOrientationLandscapeLeft UIInterfaceOrientationLandscapeRight";
				LD_RUNPATH_SEARCH_PATHS = (
					"$(inherited)",
					"@executable_path/Frameworks",
				);
				MARKETING_VERSION = 1.0;
				PRODUCT_BUNDLE_IDENTIFIER = org.dubshepherd.PayMeStubbed;
				PRODUCT_NAME = "$(TARGET_NAME)";
				SWIFT_EMIT_LOC_STRINGS = YES;
				SWIFT_VERSION = 5.0;
				TARGETED_DEVICE_FAMILY = "1,2";
			};
			name = Release;
		};
		A9F9F2BD2986192D00BE46C1 /* Debug */ = {
			isa = XCBuildConfiguration;
			buildSettings = {
				ALWAYS_EMBED_SWIFT_STANDARD_LIBRARIES = YES;
				BUNDLE_LOADER = "$(TEST_HOST)";
				CODE_SIGN_STYLE = Automatic;
				CURRENT_PROJECT_VERSION = 1;
				DEVELOPMENT_TEAM = JJX3XFYDLA;
				GENERATE_INFOPLIST_FILE = YES;
				IPHONEOS_DEPLOYMENT_TARGET = 16.2;
				MARKETING_VERSION = 1.0;
				PRODUCT_BUNDLE_IDENTIFIER = org.dubshepherd.PayMeStubbedTests;
				PRODUCT_NAME = "$(TARGET_NAME)";
				SWIFT_EMIT_LOC_STRINGS = NO;
				SWIFT_VERSION = 5.0;
				TARGETED_DEVICE_FAMILY = "1,2";
				TEST_HOST = "$(BUILT_PRODUCTS_DIR)/PayMeStubbed.app/$(BUNDLE_EXECUTABLE_FOLDER_PATH)/PayMeStubbed";
			};
			name = Debug;
		};
		A9F9F2BE2986192D00BE46C1 /* Release */ = {
			isa = XCBuildConfiguration;
			buildSettings = {
				ALWAYS_EMBED_SWIFT_STANDARD_LIBRARIES = YES;
				BUNDLE_LOADER = "$(TEST_HOST)";
				CODE_SIGN_STYLE = Automatic;
				CURRENT_PROJECT_VERSION = 1;
				DEVELOPMENT_TEAM = JJX3XFYDLA;
				GENERATE_INFOPLIST_FILE = YES;
				IPHONEOS_DEPLOYMENT_TARGET = 16.2;
				MARKETING_VERSION = 1.0;
				PRODUCT_BUNDLE_IDENTIFIER = org.dubshepherd.PayMeStubbedTests;
				PRODUCT_NAME = "$(TARGET_NAME)";
				SWIFT_EMIT_LOC_STRINGS = NO;
				SWIFT_VERSION = 5.0;
				TARGETED_DEVICE_FAMILY = "1,2";
				TEST_HOST = "$(BUILT_PRODUCTS_DIR)/PayMeStubbed.app/$(BUNDLE_EXECUTABLE_FOLDER_PATH)/PayMeStubbed";
			};
			name = Release;
		};
		A9F9F2C02986192D00BE46C1 /* Debug */ = {
			isa = XCBuildConfiguration;
			buildSettings = {
				ALWAYS_EMBED_SWIFT_STANDARD_LIBRARIES = YES;
				CODE_SIGN_STYLE = Automatic;
				CURRENT_PROJECT_VERSION = 1;
				DEVELOPMENT_TEAM = JJX3XFYDLA;
				GENERATE_INFOPLIST_FILE = YES;
				MARKETING_VERSION = 1.0;
				PRODUCT_BUNDLE_IDENTIFIER = org.dubshepherd.PayMeStubbedUITests;
				PRODUCT_NAME = "$(TARGET_NAME)";
				SWIFT_EMIT_LOC_STRINGS = NO;
				SWIFT_VERSION = 5.0;
				TARGETED_DEVICE_FAMILY = "1,2";
				TEST_TARGET_NAME = PayMeStubbed;
			};
			name = Debug;
		};
		A9F9F2C12986192D00BE46C1 /* Release */ = {
			isa = XCBuildConfiguration;
			buildSettings = {
				ALWAYS_EMBED_SWIFT_STANDARD_LIBRARIES = YES;
				CODE_SIGN_STYLE = Automatic;
				CURRENT_PROJECT_VERSION = 1;
				DEVELOPMENT_TEAM = JJX3XFYDLA;
				GENERATE_INFOPLIST_FILE = YES;
				MARKETING_VERSION = 1.0;
				PRODUCT_BUNDLE_IDENTIFIER = org.dubshepherd.PayMeStubbedUITests;
				PRODUCT_NAME = "$(TARGET_NAME)";
				SWIFT_EMIT_LOC_STRINGS = NO;
				SWIFT_VERSION = 5.0;
				TARGETED_DEVICE_FAMILY = "1,2";
				TEST_TARGET_NAME = PayMeStubbed;
			};
			name = Release;
		};
/* End XCBuildConfiguration section */

/* Begin XCConfigurationList section */
		A9F9F2612986186200BE46C1 /* Build configuration list for PBXProject "PayMe" */ = {
			isa = XCConfigurationList;
			buildConfigurations = (
				A9F9F2882986186600BE46C1 /* Debug */,
				A9F9F2892986186600BE46C1 /* Release */,
			);
			defaultConfigurationIsVisible = 0;
			defaultConfigurationName = Release;
		};
		A9F9F28A2986186600BE46C1 /* Build configuration list for PBXNativeTarget "PayMe" */ = {
			isa = XCConfigurationList;
			buildConfigurations = (
				A9F9F28B2986186600BE46C1 /* Debug */,
				A9F9F28C2986186600BE46C1 /* Release */,
			);
			defaultConfigurationIsVisible = 0;
			defaultConfigurationName = Release;
		};
		A9F9F28D2986186600BE46C1 /* Build configuration list for PBXNativeTarget "PayMeTests" */ = {
			isa = XCConfigurationList;
			buildConfigurations = (
				A9F9F28E2986186600BE46C1 /* Debug */,
				A9F9F28F2986186600BE46C1 /* Release */,
			);
			defaultConfigurationIsVisible = 0;
			defaultConfigurationName = Release;
		};
		A9F9F2902986186600BE46C1 /* Build configuration list for PBXNativeTarget "PayMeUITests" */ = {
			isa = XCConfigurationList;
			buildConfigurations = (
				A9F9F2912986186600BE46C1 /* Debug */,
				A9F9F2922986186600BE46C1 /* Release */,
			);
			defaultConfigurationIsVisible = 0;
			defaultConfigurationName = Release;
		};
		A9F9F2B92986192D00BE46C1 /* Build configuration list for PBXNativeTarget "PayMeStubbed" */ = {
			isa = XCConfigurationList;
			buildConfigurations = (
				A9F9F2BA2986192D00BE46C1 /* Debug */,
				A9F9F2BB2986192D00BE46C1 /* Release */,
			);
			defaultConfigurationIsVisible = 0;
			defaultConfigurationName = Release;
		};
		A9F9F2BC2986192D00BE46C1 /* Build configuration list for PBXNativeTarget "PayMeStubbedTests" */ = {
			isa = XCConfigurationList;
			buildConfigurations = (
				A9F9F2BD2986192D00BE46C1 /* Debug */,
				A9F9F2BE2986192D00BE46C1 /* Release */,
			);
			defaultConfigurationIsVisible = 0;
			defaultConfigurationName = Release;
		};
		A9F9F2BF2986192D00BE46C1 /* Build configuration list for PBXNativeTarget "PayMeStubbedUITests" */ = {
			isa = XCConfigurationList;
			buildConfigurations = (
				A9F9F2C02986192D00BE46C1 /* Debug */,
				A9F9F2C12986192D00BE46C1 /* Release */,
			);
			defaultConfigurationIsVisible = 0;
			defaultConfigurationName = Release;
		};
/* End XCConfigurationList section */

/* Begin XCSwiftPackageProductDependency section */
		A9F9F2C82986259E00BE46C1 /* PayMePackage */ = {
			isa = XCSwiftPackageProductDependency;
			productName = PayMePackage;
		};
/* End XCSwiftPackageProductDependency section */
	};
	rootObject = A9F9F25E2986186200BE46C1 /* Project object */;
}
